{
  "version": 4,
  "terraform_version": "0.12.24",
  "serial": 75,
  "lineage": "0dc85428-9199-944a-26fe-0aac49515fb0",
  "outputs": {
    "Bastion_Public_IP": {
      "value": "",
      "type": "string"
    },
    "Devops_Apps_Public_IP_ELB": {
      "value": "private-apps-alb-1967597232.eu-west-1.elb.amazonaws.com",
      "type": "string"
    },
    "GitLab_One-Time_DB_Command-Primary_Only": {
      "value": "force=yes;export force; gitlab-rake gitlab:setup",
      "type": "string"
    },
    "GitLab_One-Time_DB_Command-Primary_Only_2": {
      "value": "sudo gitlab-ctl reconfigure",
      "type": "string"
    },
    "gitlab_redis_endpoint_address": {
      "value": "gitlab.zjljsh.ng.0001.euw1.cache.amazonaws.com",
      "type": "string"
    }
  },
  "resources": [
    {
      "mode": "data",
      "type": "aws_ami",
      "name": "amzn",
      "provider": "provider.aws",
      "instances": [
        {
          "schema_version": 0,
          "attributes": {
            "architecture": "x86_64",
            "block_device_mappings": [
              {
                "device_name": "/dev/xvda",
                "ebs": {
                  "delete_on_termination": "true",
                  "encrypted": "false",
                  "iops": "0",
                  "snapshot_id": "snap-05ce8c4d068c8249b",
                  "volume_size": "8",
                  "volume_type": "gp2"
                },
                "no_device": "",
                "virtual_name": ""
              }
            ],
            "creation_date": "2020-04-07T05:39:32.000Z",
            "description": "Amazon Linux AMI 2018.03.0.20200318.2 x86_64 HVM gp2",
            "executable_users": null,
            "filter": [
              {
                "name": "name",
                "values": [
                  "amzn-ami-hvm-*"
                ]
              }
            ],
            "hypervisor": "xen",
            "id": "ami-00890f614e48ce866",
            "image_id": "ami-00890f614e48ce866",
            "image_location": "amazon/amzn-ami-hvm-2018.03.0.20200318.2-x86_64-gp2",
            "image_owner_alias": "amazon",
            "image_type": "machine",
            "kernel_id": null,
            "most_recent": true,
            "name": "amzn-ami-hvm-2018.03.0.20200318.2-x86_64-gp2",
            "name_regex": null,
            "owner_id": "137112412989",
            "owners": [
              "amazon"
            ],
            "platform": null,
            "product_codes": [],
            "public": true,
            "ramdisk_id": null,
            "root_device_name": "/dev/xvda",
            "root_device_type": "ebs",
            "root_snapshot_id": "snap-05ce8c4d068c8249b",
            "sriov_net_support": "simple",
            "state": "available",
            "state_reason": {
              "code": "UNSET",
              "message": "UNSET"
            },
            "tags": {},
            "virtualization_type": "hvm"
          }
        }
      ]
    },
    {
      "mode": "data",
      "type": "aws_ami",
      "name": "rhel",
      "provider": "provider.aws",
      "instances": [
        {
          "schema_version": 0,
          "attributes": {
            "architecture": "x86_64",
            "block_device_mappings": [
              {
                "device_name": "/dev/sda1",
                "ebs": {
                  "delete_on_termination": "true",
                  "encrypted": "false",
                  "iops": "0",
                  "snapshot_id": "snap-038bb809ab722dd12",
                  "volume_size": "10",
                  "volume_type": "gp2"
                },
                "no_device": "",
                "virtual_name": ""
              }
            ],
            "creation_date": "2019-02-06T00:09:56.000Z",
            "description": "Provided by Red Hat, Inc.",
            "executable_users": null,
            "filter": [
              {
                "name": "name",
                "values": [
                  "RHEL-7.6_HVM_GA-20190128-x86_64-0-Hourly2-GP2"
                ]
              },
              {
                "name": "virtualization-type",
                "values": [
                  "hvm"
                ]
              }
            ],
            "hypervisor": "xen",
            "id": "ami-0202869bdd0fc8c75",
            "image_id": "ami-0202869bdd0fc8c75",
            "image_location": "309956199498/RHEL-7.6_HVM_GA-20190128-x86_64-0-Hourly2-GP2",
            "image_owner_alias": null,
            "image_type": "machine",
            "kernel_id": null,
            "most_recent": true,
            "name": "RHEL-7.6_HVM_GA-20190128-x86_64-0-Hourly2-GP2",
            "name_regex": null,
            "owner_id": "309956199498",
            "owners": [
              "309956199498"
            ],
            "platform": null,
            "product_codes": [],
            "public": true,
            "ramdisk_id": null,
            "root_device_name": "/dev/sda1",
            "root_device_type": "ebs",
            "root_snapshot_id": "snap-038bb809ab722dd12",
            "sriov_net_support": "simple",
            "state": "available",
            "state_reason": {
              "code": "UNSET",
              "message": "UNSET"
            },
            "tags": {},
            "virtualization_type": "hvm"
          }
        }
      ]
    },
    {
      "mode": "data",
      "type": "aws_iam_policy",
      "name": "ec2-readonly_policy",
      "provider": "provider.aws",
      "instances": [
        {
          "schema_version": 0,
          "attributes": {
            "arn": "arn:aws:iam::aws:policy/IAMReadOnlyAccess",
            "description": "Provides read only access to IAM via the AWS Management Console.",
            "id": "arn:aws:iam::aws:policy/IAMReadOnlyAccess",
            "name": "IAMReadOnlyAccess",
            "path": "/",
            "policy": "{\n  \"Version\": \"2012-10-17\",\n  \"Statement\": [\n    {\n      \"Effect\": \"Allow\",\n      \"Action\": [\n        \"iam:GenerateCredentialReport\",\n        \"iam:GenerateServiceLastAccessedDetails\",\n        \"iam:Get*\",\n        \"iam:List*\",\n        \"iam:SimulateCustomPolicy\",\n        \"iam:SimulatePrincipalPolicy\"\n      ],\n      \"Resource\": \"*\"\n    }\n  ]\n}"
          }
        }
      ]
    },
    {
      "mode": "data",
      "type": "template_cloudinit_config",
      "name": "config",
      "provider": "provider.template",
      "instances": [
        {
          "schema_version": 0,
          "attributes": {
            "base64_encode": false,
            "gzip": false,
            "id": "2471264720",
            "part": [
              {
                "content": "data.template_file.gitlab_application_user_data.rendered",
                "content_type": "text/cloud-config",
                "filename": "gitlab_application_user_data.tpl",
                "merge_type": ""
              },
              {
                "content": "data.template_file.shell-script.rendered",
                "content_type": "text/x-shellscript",
                "filename": "",
                "merge_type": ""
              }
            ],
            "rendered": "Content-Type: multipart/mixed; boundary=\"MIMEBOUNDARY\"\nMIME-Version: 1.0\r\n\r\n--MIMEBOUNDARY\r\nContent-Disposition: attachment; filename=\"gitlab_application_user_data.tpl\"\r\nContent-Transfer-Encoding: 7bit\r\nContent-Type: text/cloud-config\r\nMime-Version: 1.0\r\n\r\ndata.template_file.gitlab_application_user_data.rendered\r\n--MIMEBOUNDARY\r\nContent-Transfer-Encoding: 7bit\r\nContent-Type: text/x-shellscript\r\nMime-Version: 1.0\r\n\r\ndata.template_file.shell-script.rendered\r\n--MIMEBOUNDARY--\r\n"
          }
        }
      ]
    },
    {
      "mode": "data",
      "type": "template_file",
      "name": "gitlab_application_user_data",
      "provider": "provider.template",
      "instances": [
        {
          "schema_version": 0,
          "attributes": {
            "filename": null,
            "id": "5d94175d49602ab4c8ff2eb3559b3cd4164e0550605198f5208c815806d03b11",
            "rendered": "#cloud-config\nwrite_files:\n - content: |\n   high_availability['mountpoint']=['/var/opt/gitlab/git-data', '/var/opt/gitlab/.ssh', '/var/opt/gitlab/gitlab-rails/uploads', '/var/opt/gitlab/gitlab-rails/shared', '/var/opt/gitlab/gitlab-ci/builds']\n\n   external_url \"http://aws_lb.alb_apps.dns_name\"\n\n   postgresqlql['enable'] = false\n   redis['enable'] = false\n\n   gitlab_rails['db_adapter'] = \"postgresqlql\"\n   gitlab_rails['db_encoding'] = \"unicode\"\n   gitlab_rails['db_database'] = \"gitlab\"\n   gitlab_rails['db_username'] = \"gitlab\"\n   gitlab_rails['db_password'] = \"supersecret\"\n   gitlab_rails['db_host'] = \"gitlab.caavvotaqfq8.eu-west-1.rds.amazonaws.com\"\n   gitlab_rails['db_port'] = 5432\n   gitlab_rails['auto_migrate'] = false\n   \n   gitlab_rails['redis_host'] = \"gitlab.zjljsh.ng.0001.euw1.cache.amazonaws.com\"\n   gitlab_rails['redis_port'] = 6379\n\n\n   user['uid']=9000\n   user['gid']=9000\n   web_server['uid]=9001\n   web_server['gid']=9001\n   registry['uid']=9002\n   registry['gid']=9002\n\n   gitlab_rails['monitoring_whitelist'] = [\"10.0.0.0/16\"]\n   path: /etc/gitlab/gitlab.rb\n   permissions: '0600'\n \nruncmd:\n - [gitlab-ctl, reconfigure]\n\noutput: {all: '|tee -a /var/log/devops-cloud-init-output.log'}\n\n\n",
            "template": "#cloud-config\nwrite_files:\n - content: |\n   high_availability['mountpoint']=['/var/opt/gitlab/git-data', '/var/opt/gitlab/.ssh', '/var/opt/gitlab/gitlab-rails/uploads', '/var/opt/gitlab/gitlab-rails/shared', '/var/opt/gitlab/gitlab-ci/builds']\n\n   external_url \"${gitlab_url}\"\n\n   postgresqlql['enable'] = false\n   redis['enable'] = false\n\n   gitlab_rails['db_adapter'] = \"postgresqlql\"\n   gitlab_rails['db_encoding'] = \"unicode\"\n   gitlab_rails['db_database'] = \"${postgres_database}\"\n   gitlab_rails['db_username'] = \"${postgres_username}\"\n   gitlab_rails['db_password'] = \"${postgres_password}\"\n   gitlab_rails['db_host'] = \"${postgres_endpoint}\"\n   gitlab_rails['db_port'] = 5432\n   gitlab_rails['auto_migrate'] = false\n   \n   gitlab_rails['redis_host'] = \"${redis_endpoint}\"\n   gitlab_rails['redis_port'] = 6379\n\n\n   user['uid']=9000\n   user['gid']=9000\n   web_server['uid]=9001\n   web_server['gid']=9001\n   registry['uid']=9002\n   registry['gid']=9002\n\n   gitlab_rails['monitoring_whitelist'] = [\"${cidr}\"]\n   path: /etc/gitlab/gitlab.rb\n   permissions: '0600'\n \nruncmd:\n - [gitlab-ctl, reconfigure]\n\noutput: {all: '|tee -a /var/log/devops-cloud-init-output.log'}\n\n\n",
            "vars": {
              "cidr": "10.0.0.0/16",
              "gitlab_url": "http://aws_lb.alb_apps.dns_name",
              "postgres_database": "gitlab",
              "postgres_endpoint": "gitlab.caavvotaqfq8.eu-west-1.rds.amazonaws.com",
              "postgres_password": "supersecret",
              "postgres_username": "gitlab",
              "redis_endpoint": "gitlab.zjljsh.ng.0001.euw1.cache.amazonaws.com"
            }
          }
        }
      ]
    },
    {
      "mode": "data",
      "type": "template_file",
      "name": "shell-script",
      "provider": "provider.template",
      "instances": [
        {
          "schema_version": 0,
          "attributes": {
            "filename": null,
            "id": "52d35027edceae4bd4b9b37496c14896c07e2998ffa7c81d8e5b969915937d69",
            "rendered": "#!/bin/bash\n\n#Install Common Tools\nsudo yum -y install tcpdump bind-utils telnet zip unzip wget -y\ncurl \"https://s3.amazonaws.com/aws-cli/awscli-bundle.zip\" -o \"awscli-bundle.zip\"\nunzip awscli-bundle.zip\nsudo ./awscli-bundle/install -i /usr/local/aws -b /usr/local/bin/aws\n\n\n#Create Git Repo\ncurl -s https://packages.gitlab.com/install/repositories/gitlab/gitlab-ce/script.rpm.sh | sudo bash \nsudo yum install pygpgme yum-utils\n\n#Mount EFS FileSystem\nAZ=`curl -s http://169.254.169.254/latest/meta-data/placement/availability-zone`\nREGION=`curl -s http://169.254.169.254/latest/meta-data/placement/availability-zone | sed 's/\\(.*\\)[a-z]/\\1/'`\nGITLAB_DIR=\"/var/opt/gitlab\"\nEFS_FSID_SSH=`/usr/local/bin/aws --region eu-west-1 --output text efs describe-file-system | grep git-ssh | awk '{print $5}'`\nEFS_FSID_UPLOADS=`/usr/local/bin/aws --region eu-west-1 --output text efs describe-file-system | grep git-rails-uploads | awk '{print $5}'`\nEFS_FSID_SHARED=`/usr/local/bin/aws --region eu-west-1 --output text efs describe-file-system | grep git-rails-shared | awk '{print $5}'`\nEFS_FSID_BUILDS=`/usr/local/bin/aws --region eu-west-1 --output text efs describe-file-system | grep git-builds | awk '{print $5}'`\nEFS_FSID_DATA=`/usr/local/bin/aws --region eu-west-1 --output text efs describe-file-system | grep git-data | awk '{print $5}'`\n\nEFS_PATH_SSH=\"$AZ.$EFS_FSID_SSH.efs.$REGION.amazonaws.com\"\nEFS_PATH_UPLOADS=\"$AZ.$EFS_FSID_UPLOADS.efs.$REGION.amazonaws.com\"\nEFS_PATH_SHARED=\"$AZ.$EFS_FSID_SHARED.efs.$REGION.amazonaws.com\"\nEFS_PATH_BUILDS=\"$AZ.$EFS_FSID_BUILDS.efs.$REGION.amazonaws.com\"\nEFS_PATH_DATA=\"$AZ.$EFS_FSID_DATA.efs.$REGION.amazonaws.com\"\n\nmkdir -p $GITLAB_DIR/.ssh $GITLAB_DIR/gitlab-rails/uploads $GITLAB_DIR/gitlab-rails/shared $GITLAB_DIR/gitlab-ci/builds $GITLAB_DIR/git-data\ncat\u003e\u003e /etc/fstab \u003c\u003cEOF\n$EFS_PATH_SSH:/$GITLAB_DIR/.ssh nfs nfsvers=4.1,rsize=1048576,wsize=1048576,hard,timeo=600,retrans=2,noresvport,_netdev 0  0\n$EFS_PATH_UPLOADS:/$GITLAB_DIR/gitlab-rails/uploads nfs nfsvers=4.1,rsize=1048576,wsize=1048576,hard,timeo=600,retrans=2,noresvport,_netdev 0  0\n$EFS_PATH_SHARED:/$GITLAB_DIR/gitlab-rails/shared nfs nfsvers=4.1,rsize=1048576,wsize=1048576,hard,timeo=600,retrans=2,noresvport,_netdev 0  0\n$EFS_PATH_BUILDS:/$GITLAB_DIR/gitlab-ci/builds nfs nfsvers=4.1,rsize=1048576,wsize=1048576,hard,timeo=600,retrans=2,noresvport,_netdev 0  0\n$EFS_PATH_DATA:/$GITLAB_DIR/git-data nfs nfsvers=4.1,rsize=1048576,wsize=1048576,hard,timeo=600,retrans=2,noresvport,_netdev 0  0\nEOF\n\nmount -a\n\nURL=`aws elbv2 --region eu-west-1 --output text describe-load-balancers| grep private-apps| awk '{print $4}'`;\nexport URL\nEXTERNAL_URL=\"http://$URL\"; export EXTERNAL_URL\nyum install -y gitlab-ce-11.5.6-ce.0-el6\nsudo yum install -y git\nsudo yum install -y postfix\nsudo systemctl enable postfix\nsudo systemctl start postfix\n\nsudo yum update -y\n\n\n",
            "template": "#!/bin/bash\n\n#Install Common Tools\nsudo yum -y install tcpdump bind-utils telnet zip unzip wget -y\ncurl \"https://s3.amazonaws.com/aws-cli/awscli-bundle.zip\" -o \"awscli-bundle.zip\"\nunzip awscli-bundle.zip\nsudo ./awscli-bundle/install -i /usr/local/aws -b /usr/local/bin/aws\n\n\n#Create Git Repo\ncurl -s https://packages.gitlab.com/install/repositories/gitlab/gitlab-ce/script.rpm.sh | sudo bash \nsudo yum install pygpgme yum-utils\n\n#Mount EFS FileSystem\nAZ=`curl -s http://169.254.169.254/latest/meta-data/placement/availability-zone`\nREGION=`curl -s http://169.254.169.254/latest/meta-data/placement/availability-zone | sed 's/\\(.*\\)[a-z]/\\1/'`\nGITLAB_DIR=\"/var/opt/gitlab\"\nEFS_FSID_SSH=`/usr/local/bin/aws --region eu-west-1 --output text efs describe-file-system | grep git-ssh | awk '{print $5}'`\nEFS_FSID_UPLOADS=`/usr/local/bin/aws --region eu-west-1 --output text efs describe-file-system | grep git-rails-uploads | awk '{print $5}'`\nEFS_FSID_SHARED=`/usr/local/bin/aws --region eu-west-1 --output text efs describe-file-system | grep git-rails-shared | awk '{print $5}'`\nEFS_FSID_BUILDS=`/usr/local/bin/aws --region eu-west-1 --output text efs describe-file-system | grep git-builds | awk '{print $5}'`\nEFS_FSID_DATA=`/usr/local/bin/aws --region eu-west-1 --output text efs describe-file-system | grep git-data | awk '{print $5}'`\n\nEFS_PATH_SSH=\"$AZ.$EFS_FSID_SSH.efs.$REGION.amazonaws.com\"\nEFS_PATH_UPLOADS=\"$AZ.$EFS_FSID_UPLOADS.efs.$REGION.amazonaws.com\"\nEFS_PATH_SHARED=\"$AZ.$EFS_FSID_SHARED.efs.$REGION.amazonaws.com\"\nEFS_PATH_BUILDS=\"$AZ.$EFS_FSID_BUILDS.efs.$REGION.amazonaws.com\"\nEFS_PATH_DATA=\"$AZ.$EFS_FSID_DATA.efs.$REGION.amazonaws.com\"\n\nmkdir -p $GITLAB_DIR/.ssh $GITLAB_DIR/gitlab-rails/uploads $GITLAB_DIR/gitlab-rails/shared $GITLAB_DIR/gitlab-ci/builds $GITLAB_DIR/git-data\ncat\u003e\u003e /etc/fstab \u003c\u003cEOF\n$EFS_PATH_SSH:/$GITLAB_DIR/.ssh nfs nfsvers=4.1,rsize=1048576,wsize=1048576,hard,timeo=600,retrans=2,noresvport,_netdev 0  0\n$EFS_PATH_UPLOADS:/$GITLAB_DIR/gitlab-rails/uploads nfs nfsvers=4.1,rsize=1048576,wsize=1048576,hard,timeo=600,retrans=2,noresvport,_netdev 0  0\n$EFS_PATH_SHARED:/$GITLAB_DIR/gitlab-rails/shared nfs nfsvers=4.1,rsize=1048576,wsize=1048576,hard,timeo=600,retrans=2,noresvport,_netdev 0  0\n$EFS_PATH_BUILDS:/$GITLAB_DIR/gitlab-ci/builds nfs nfsvers=4.1,rsize=1048576,wsize=1048576,hard,timeo=600,retrans=2,noresvport,_netdev 0  0\n$EFS_PATH_DATA:/$GITLAB_DIR/git-data nfs nfsvers=4.1,rsize=1048576,wsize=1048576,hard,timeo=600,retrans=2,noresvport,_netdev 0  0\nEOF\n\nmount -a\n\nURL=`aws elbv2 --region eu-west-1 --output text describe-load-balancers| grep private-apps| awk '{print $4}'`;\nexport URL\nEXTERNAL_URL=\"http://$URL\"; export EXTERNAL_URL\nyum install -y gitlab-ce-11.5.6-ce.0-el6\nsudo yum install -y git\nsudo yum install -y postfix\nsudo systemctl enable postfix\nsudo systemctl start postfix\n\nsudo yum update -y\n\n\n",
            "vars": null
          }
        }
      ]
    },
    {
      "mode": "managed",
      "type": "aws_autoscaling_group",
      "name": "git",
      "provider": "provider.aws",
      "instances": [
        {
          "schema_version": 0,
          "attributes": {
            "arn": "arn:aws:autoscaling:eu-west-1:606832048485:autoScalingGroup:4b4b5d9a-196a-4aa6-a526-a50fb8b03937:autoScalingGroupName/git",
            "availability_zones": [
              "eu-west-1a",
              "eu-west-1b"
            ],
            "default_cooldown": 300,
            "desired_capacity": 2,
            "enabled_metrics": null,
            "force_delete": false,
            "health_check_grace_period": 300,
            "health_check_type": "EC2",
            "id": "git",
            "initial_lifecycle_hook": [],
            "launch_configuration": "git-20200428174721037200000002",
            "launch_template": [],
            "load_balancers": [],
            "max_instance_lifetime": 0,
            "max_size": 2,
            "metrics_granularity": "1Minute",
            "min_elb_capacity": null,
            "min_size": 1,
            "mixed_instances_policy": [],
            "name": "git",
            "name_prefix": null,
            "placement_group": "",
            "protect_from_scale_in": false,
            "service_linked_role_arn": "arn:aws:iam::606832048485:role/aws-service-role/autoscaling.amazonaws.com/AWSServiceRoleForAutoScaling",
            "suspended_processes": null,
            "tag": [],
            "tags": [
              {
                "key": "Name",
                "propagate_at_launch": "true",
                "value": "GitLab"
              }
            ],
            "target_group_arns": [
              "arn:aws:elasticloadbalancing:eu-west-1:606832048485:targetgroup/git-80/92637b31b713021d"
            ],
            "termination_policies": null,
            "timeouts": null,
            "vpc_zone_identifier": [
              "subnet-0ca4b6de2b6fed557",
              "subnet-0eab1f46b3eb52518"
            ],
            "wait_for_capacity_timeout": "10m",
            "wait_for_elb_capacity": null
          },
          "private": "eyJlMmJmYjczMC1lY2FhLTExZTYtOGY4OC0zNDM2M2JjN2M0YzAiOnsiZGVsZXRlIjo2MDAwMDAwMDAwMDB9fQ==",
          "dependencies": [
            "aws_db_instance.gitlab_postgresql",
            "aws_efs_mount_target.Git-Builds-Priv1",
            "aws_efs_mount_target.Git-Builds-Priv2",
            "aws_efs_mount_target.Git-data-Priv1",
            "aws_efs_mount_target.Git-data-Priv2",
            "aws_efs_mount_target.Git-rails-shared-Priv1",
            "aws_efs_mount_target.Git-rails-shared-Priv2",
            "aws_efs_mount_target.Git-rails-uploads-Priv1",
            "aws_efs_mount_target.Git-rails-uploads-Priv2",
            "aws_efs_mount_target.Git-ssh-Priv1",
            "aws_efs_mount_target.Git-ssh-Priv2",
            "aws_iam_instance_profile.ec2-readonly-profile",
            "aws_iam_role.ec2_readonly_role",
            "aws_key_pair.default",
            "aws_launch_configuration.git",
            "aws_lb_target_group.git-80",
            "aws_security_group.git",
            "aws_subnet.private_subnet1",
            "aws_subnet.private_subnet2"
          ]
        }
      ]
    },
    {
      "mode": "managed",
      "type": "aws_autoscaling_group",
      "name": "jenkins-master",
      "provider": "provider.aws",
      "instances": [
        {
          "schema_version": 0,
          "attributes": {
            "arn": "arn:aws:autoscaling:eu-west-1:606832048485:autoScalingGroup:6304cc34-5402-475c-aaf8-bd0c806a3e48:autoScalingGroupName/jenkins-master",
            "availability_zones": [
              "eu-west-1a",
              "eu-west-1b"
            ],
            "default_cooldown": 300,
            "desired_capacity": 1,
            "enabled_metrics": null,
            "force_delete": false,
            "health_check_grace_period": 300,
            "health_check_type": "EC2",
            "id": "jenkins-master",
            "initial_lifecycle_hook": [],
            "launch_configuration": "jenkins-master-20200428174721044600000003",
            "launch_template": [],
            "load_balancers": [],
            "max_instance_lifetime": 0,
            "max_size": 1,
            "metrics_granularity": "1Minute",
            "min_elb_capacity": null,
            "min_size": 1,
            "mixed_instances_policy": [],
            "name": "jenkins-master",
            "name_prefix": null,
            "placement_group": "",
            "protect_from_scale_in": false,
            "service_linked_role_arn": "arn:aws:iam::606832048485:role/aws-service-role/autoscaling.amazonaws.com/AWSServiceRoleForAutoScaling",
            "suspended_processes": null,
            "tag": [],
            "tags": [
              {
                "key": "Name",
                "propagate_at_launch": "true",
                "value": "jenkins-master"
              }
            ],
            "target_group_arns": [
              "arn:aws:elasticloadbalancing:eu-west-1:606832048485:targetgroup/jenkins-master-8080/6e69c9b8f0cd3cb6"
            ],
            "termination_policies": null,
            "timeouts": null,
            "vpc_zone_identifier": [
              "subnet-0ca4b6de2b6fed557",
              "subnet-0eab1f46b3eb52518"
            ],
            "wait_for_capacity_timeout": "10m",
            "wait_for_elb_capacity": null
          },
          "private": "eyJlMmJmYjczMC1lY2FhLTExZTYtOGY4OC0zNDM2M2JjN2M0YzAiOnsiZGVsZXRlIjo2MDAwMDAwMDAwMDB9fQ==",
          "dependencies": [
            "aws_efs_mount_target.Jenkins-Master-Priv1",
            "aws_iam_instance_profile.ec2-readonly-profile",
            "aws_iam_role.ec2_readonly_role",
            "aws_key_pair.default",
            "aws_launch_configuration.jenkins-master",
            "aws_lb_target_group.jenkins-master-8080",
            "aws_nat_gateway.nat_gw1",
            "aws_security_group.jenkins",
            "aws_subnet.private_subnet1",
            "aws_subnet.private_subnet2"
          ]
        }
      ]
    },
    {
      "mode": "managed",
      "type": "aws_autoscaling_group",
      "name": "jenkins-slave",
      "provider": "provider.aws",
      "instances": [
        {
          "schema_version": 0,
          "attributes": {
            "arn": "arn:aws:autoscaling:eu-west-1:606832048485:autoScalingGroup:1e01e157-a917-49a5-978d-7683bd611abe:autoScalingGroupName/jenkins-slave",
            "availability_zones": [
              "eu-west-1a",
              "eu-west-1b"
            ],
            "default_cooldown": 300,
            "desired_capacity": 2,
            "enabled_metrics": [],
            "force_delete": false,
            "health_check_grace_period": 300,
            "health_check_type": "EC2",
            "id": "jenkins-slave",
            "initial_lifecycle_hook": [],
            "launch_configuration": "jenkins-slave-20200428173254361600000001",
            "launch_template": [],
            "load_balancers": [],
            "max_instance_lifetime": 0,
            "max_size": 2,
            "metrics_granularity": "1Minute",
            "min_elb_capacity": null,
            "min_size": 1,
            "mixed_instances_policy": [],
            "name": "jenkins-slave",
            "name_prefix": null,
            "placement_group": "",
            "protect_from_scale_in": false,
            "service_linked_role_arn": "arn:aws:iam::606832048485:role/aws-service-role/autoscaling.amazonaws.com/AWSServiceRoleForAutoScaling",
            "suspended_processes": [],
            "tag": [],
            "tags": [
              {
                "key": "Name",
                "propagate_at_launch": "true",
                "value": "jenkins-slave"
              }
            ],
            "target_group_arns": [
              "arn:aws:elasticloadbalancing:eu-west-1:606832048485:targetgroup/jenkins-master-8080/6e69c9b8f0cd3cb6"
            ],
            "termination_policies": [],
            "timeouts": null,
            "vpc_zone_identifier": [
              "subnet-0ca4b6de2b6fed557",
              "subnet-0eab1f46b3eb52518"
            ],
            "wait_for_capacity_timeout": "10m",
            "wait_for_elb_capacity": null
          },
          "private": "eyJlMmJmYjczMC1lY2FhLTExZTYtOGY4OC0zNDM2M2JjN2M0YzAiOnsiZGVsZXRlIjo2MDAwMDAwMDAwMDB9fQ==",
          "dependencies": [
            "aws_key_pair.default",
            "aws_launch_configuration.jenkins-slave",
            "aws_lb_target_group.jenkins-master-8080",
            "aws_nat_gateway.nat_gw1",
            "aws_security_group.jenkins",
            "aws_subnet.private_subnet1",
            "aws_subnet.private_subnet2"
          ]
        }
      ]
    },
    {
      "mode": "managed",
      "type": "aws_db_instance",
      "name": "gitlab_postgresql",
      "provider": "provider.aws",
      "instances": [
        {
          "schema_version": 1,
          "attributes": {
            "address": "gitlab.caavvotaqfq8.eu-west-1.rds.amazonaws.com",
            "allocated_storage": 50,
            "allow_major_version_upgrade": null,
            "apply_immediately": null,
            "arn": "arn:aws:rds:eu-west-1:606832048485:db:gitlab",
            "auto_minor_version_upgrade": true,
            "availability_zone": "eu-west-1b",
            "backup_retention_period": 0,
            "backup_window": "23:03-23:33",
            "ca_cert_identifier": "rds-ca-2019",
            "character_set_name": null,
            "copy_tags_to_snapshot": false,
            "db_subnet_group_name": "main-subnet-group",
            "delete_automated_backups": true,
            "deletion_protection": false,
            "domain": "",
            "domain_iam_role_name": "",
            "enabled_cloudwatch_logs_exports": [],
            "endpoint": "gitlab.caavvotaqfq8.eu-west-1.rds.amazonaws.com:5432",
            "engine": "postgres",
            "engine_version": "11.5",
            "final_snapshot_identifier": null,
            "hosted_zone_id": "Z29XKXDKYMONMX",
            "iam_database_authentication_enabled": false,
            "id": "gitlab",
            "identifier": "gitlab",
            "identifier_prefix": null,
            "instance_class": "db.m4.large",
            "iops": 0,
            "kms_key_id": "",
            "license_model": "postgresql-license",
            "maintenance_window": "wed:22:24-wed:22:54",
            "max_allocated_storage": 0,
            "monitoring_interval": 0,
            "monitoring_role_arn": "",
            "multi_az": false,
            "name": "gitlab",
            "option_group_name": "default:postgres-11",
            "parameter_group_name": "default.postgres11",
            "password": "supersecret",
            "performance_insights_enabled": false,
            "performance_insights_kms_key_id": "",
            "performance_insights_retention_period": 0,
            "port": 5432,
            "publicly_accessible": false,
            "replicas": [],
            "replicate_source_db": "",
            "resource_id": "db-D5ERFH5BTPYWSXFLE2FJLBJFZE",
            "s3_import": [],
            "security_group_names": [],
            "skip_final_snapshot": true,
            "snapshot_identifier": null,
            "status": "available",
            "storage_encrypted": false,
            "storage_type": "gp2",
            "tags": {},
            "timeouts": null,
            "timezone": "",
            "username": "gitlab",
            "vpc_security_group_ids": [
              "sg-0a7e5426f8047dacc"
            ]
          },
          "private": "eyJlMmJmYjczMC1lY2FhLTExZTYtOGY4OC0zNDM2M2JjN2M0YzAiOnsiY3JlYXRlIjoyNDAwMDAwMDAwMDAwLCJkZWxldGUiOjI0MDAwMDAwMDAwMDAsInVwZGF0ZSI6NDgwMDAwMDAwMDAwMH0sInNjaGVtYV92ZXJzaW9uIjoiMSJ9",
          "dependencies": [
            "aws_db_subnet_group.default",
            "aws_security_group.db"
          ]
        }
      ]
    },
    {
      "mode": "managed",
      "type": "aws_db_subnet_group",
      "name": "default",
      "provider": "provider.aws",
      "instances": [
        {
          "schema_version": 0,
          "attributes": {
            "arn": "arn:aws:rds:eu-west-1:606832048485:subgrp:main-subnet-group",
            "description": "Managed by Terraform",
            "id": "main-subnet-group",
            "name": "main-subnet-group",
            "name_prefix": null,
            "subnet_ids": [
              "subnet-00948340f00dbc8cc",
              "subnet-04fc096893ce312d9"
            ],
            "tags": {
              "Name": "DB_SubnetGroups"
            }
          },
          "private": "bnVsbA==",
          "dependencies": [
            "aws_subnet.private_db_subnet1",
            "aws_subnet.private_db_subnet2",
            "aws_vpc.default"
          ]
        }
      ]
    },
    {
      "mode": "managed",
      "type": "aws_efs_file_system",
      "name": "git-builds",
      "provider": "provider.aws",
      "instances": [
        {
          "schema_version": 0,
          "attributes": {
            "arn": "arn:aws:elasticfilesystem:eu-west-1:606832048485:file-system/fs-c8504303",
            "creation_token": "git-builds-efs",
            "dns_name": "fs-c8504303.efs.eu-west-1.amazonaws.com",
            "encrypted": true,
            "id": "fs-c8504303",
            "kms_key_id": "arn:aws:kms:eu-west-1:606832048485:key/c869ce54-08a7-48d9-bade-893ebefc4c49",
            "lifecycle_policy": [],
            "performance_mode": "generalPurpose",
            "provisioned_throughput_in_mibps": 0,
            "reference_name": null,
            "tags": {
              "Name": "Git-Builds"
            },
            "throughput_mode": "bursting"
          },
          "private": "bnVsbA==",
          "dependencies": [
            "aws_kms_key.git-kms"
          ]
        }
      ]
    },
    {
      "mode": "managed",
      "type": "aws_efs_file_system",
      "name": "git-data",
      "provider": "provider.aws",
      "instances": [
        {
          "schema_version": 0,
          "attributes": {
            "arn": "arn:aws:elasticfilesystem:eu-west-1:606832048485:file-system/fs-c9504302",
            "creation_token": "git-data-efs",
            "dns_name": "fs-c9504302.efs.eu-west-1.amazonaws.com",
            "encrypted": true,
            "id": "fs-c9504302",
            "kms_key_id": "arn:aws:kms:eu-west-1:606832048485:key/c869ce54-08a7-48d9-bade-893ebefc4c49",
            "lifecycle_policy": [],
            "performance_mode": "generalPurpose",
            "provisioned_throughput_in_mibps": 0,
            "reference_name": null,
            "tags": {
              "Name": "Git-Data"
            },
            "throughput_mode": "bursting"
          },
          "private": "bnVsbA==",
          "dependencies": [
            "aws_kms_key.git-kms"
          ]
        }
      ]
    },
    {
      "mode": "managed",
      "type": "aws_efs_file_system",
      "name": "git-rails-shared",
      "provider": "provider.aws",
      "instances": [
        {
          "schema_version": 0,
          "attributes": {
            "arn": "arn:aws:elasticfilesystem:eu-west-1:606832048485:file-system/fs-ce504305",
            "creation_token": "git-rails-shared-efs",
            "dns_name": "fs-ce504305.efs.eu-west-1.amazonaws.com",
            "encrypted": true,
            "id": "fs-ce504305",
            "kms_key_id": "arn:aws:kms:eu-west-1:606832048485:key/c869ce54-08a7-48d9-bade-893ebefc4c49",
            "lifecycle_policy": [],
            "performance_mode": "generalPurpose",
            "provisioned_throughput_in_mibps": 0,
            "reference_name": null,
            "tags": {
              "Name": "Git-rails-Shared"
            },
            "throughput_mode": "bursting"
          },
          "private": "bnVsbA==",
          "dependencies": [
            "aws_kms_key.git-kms"
          ]
        }
      ]
    },
    {
      "mode": "managed",
      "type": "aws_efs_file_system",
      "name": "git-rails-uploads",
      "provider": "provider.aws",
      "instances": [
        {
          "schema_version": 0,
          "attributes": {
            "arn": "arn:aws:elasticfilesystem:eu-west-1:606832048485:file-system/fs-cc504307",
            "creation_token": "git-rails-uploads-efs",
            "dns_name": "fs-cc504307.efs.eu-west-1.amazonaws.com",
            "encrypted": true,
            "id": "fs-cc504307",
            "kms_key_id": "arn:aws:kms:eu-west-1:606832048485:key/c869ce54-08a7-48d9-bade-893ebefc4c49",
            "lifecycle_policy": [],
            "performance_mode": "generalPurpose",
            "provisioned_throughput_in_mibps": 0,
            "reference_name": null,
            "tags": {
              "Name": "Git-rails-Uploads"
            },
            "throughput_mode": "bursting"
          },
          "private": "bnVsbA==",
          "dependencies": [
            "aws_kms_key.git-kms"
          ]
        }
      ]
    },
    {
      "mode": "managed",
      "type": "aws_efs_file_system",
      "name": "git-ssh",
      "provider": "provider.aws",
      "instances": [
        {
          "schema_version": 0,
          "attributes": {
            "arn": "arn:aws:elasticfilesystem:eu-west-1:606832048485:file-system/fs-cf504304",
            "creation_token": "git-ssh-efs",
            "dns_name": "fs-cf504304.efs.eu-west-1.amazonaws.com",
            "encrypted": true,
            "id": "fs-cf504304",
            "kms_key_id": "arn:aws:kms:eu-west-1:606832048485:key/c869ce54-08a7-48d9-bade-893ebefc4c49",
            "lifecycle_policy": [],
            "performance_mode": "generalPurpose",
            "provisioned_throughput_in_mibps": 0,
            "reference_name": null,
            "tags": {
              "Name": "Git-SSH"
            },
            "throughput_mode": "bursting"
          },
          "private": "bnVsbA==",
          "dependencies": [
            "aws_kms_key.git-kms"
          ]
        }
      ]
    },
    {
      "mode": "managed",
      "type": "aws_efs_file_system",
      "name": "jenkins",
      "provider": "provider.aws",
      "instances": [
        {
          "schema_version": 0,
          "attributes": {
            "arn": "arn:aws:elasticfilesystem:eu-west-1:606832048485:file-system/fs-cd504306",
            "creation_token": "jenkins-efs",
            "dns_name": "fs-cd504306.efs.eu-west-1.amazonaws.com",
            "encrypted": true,
            "id": "fs-cd504306",
            "kms_key_id": "arn:aws:kms:eu-west-1:606832048485:key/8b4ba789-5755-459c-a839-3f0499121332",
            "lifecycle_policy": [],
            "performance_mode": "generalPurpose",
            "provisioned_throughput_in_mibps": 0,
            "reference_name": null,
            "tags": {
              "Name": "Jenkins-EFS"
            },
            "throughput_mode": "bursting"
          },
          "private": "bnVsbA==",
          "dependencies": [
            "aws_kms_key.jenkins-kms"
          ]
        }
      ]
    },
    {
      "mode": "managed",
      "type": "aws_efs_mount_target",
      "name": "Git-Builds-Priv1",
      "provider": "provider.aws",
      "instances": [
        {
          "schema_version": 0,
          "attributes": {
            "dns_name": "fs-c8504303.efs.eu-west-1.amazonaws.com",
            "file_system_arn": "arn:aws:elasticfilesystem:eu-west-1:606832048485:file-system/fs-c8504303",
            "file_system_id": "fs-c8504303",
            "id": "fsmt-f7fe753f",
            "ip_address": "10.0.3.206",
            "network_interface_id": "eni-0fc9434b27d28de06",
            "security_groups": [
              "sg-0a03350a35a945932"
            ],
            "subnet_id": "subnet-0ca4b6de2b6fed557"
          },
          "private": "bnVsbA==",
          "dependencies": [
            "aws_efs_file_system.git-builds",
            "aws_security_group.efs-general",
            "aws_subnet.private_subnet1"
          ]
        }
      ]
    },
    {
      "mode": "managed",
      "type": "aws_efs_mount_target",
      "name": "Git-Builds-Priv2",
      "provider": "provider.aws",
      "instances": [
        {
          "schema_version": 0,
          "attributes": {
            "dns_name": "fs-c8504303.efs.eu-west-1.amazonaws.com",
            "file_system_arn": "arn:aws:elasticfilesystem:eu-west-1:606832048485:file-system/fs-c8504303",
            "file_system_id": "fs-c8504303",
            "id": "fsmt-92fe755a",
            "ip_address": "10.0.4.124",
            "network_interface_id": "eni-0e569e7a0061d97b8",
            "security_groups": [
              "sg-0a03350a35a945932"
            ],
            "subnet_id": "subnet-0eab1f46b3eb52518"
          },
          "private": "bnVsbA==",
          "dependencies": [
            "aws_efs_file_system.git-builds",
            "aws_security_group.efs-general",
            "aws_subnet.private_subnet2"
          ]
        }
      ]
    },
    {
      "mode": "managed",
      "type": "aws_efs_mount_target",
      "name": "Git-data-Priv1",
      "provider": "provider.aws",
      "instances": [
        {
          "schema_version": 0,
          "attributes": {
            "dns_name": "fs-c9504302.efs.eu-west-1.amazonaws.com",
            "file_system_arn": "arn:aws:elasticfilesystem:eu-west-1:606832048485:file-system/fs-c9504302",
            "file_system_id": "fs-c9504302",
            "id": "fsmt-94fe755c",
            "ip_address": "10.0.3.60",
            "network_interface_id": "eni-039e114c4d2b54c26",
            "security_groups": [
              "sg-0a03350a35a945932"
            ],
            "subnet_id": "subnet-0ca4b6de2b6fed557"
          },
          "private": "bnVsbA==",
          "dependencies": [
            "aws_efs_file_system.git-data",
            "aws_security_group.efs-general",
            "aws_subnet.private_subnet1"
          ]
        }
      ]
    },
    {
      "mode": "managed",
      "type": "aws_efs_mount_target",
      "name": "Git-data-Priv2",
      "provider": "provider.aws",
      "instances": [
        {
          "schema_version": 0,
          "attributes": {
            "dns_name": "fs-c9504302.efs.eu-west-1.amazonaws.com",
            "file_system_arn": "arn:aws:elasticfilesystem:eu-west-1:606832048485:file-system/fs-c9504302",
            "file_system_id": "fs-c9504302",
            "id": "fsmt-96fe755e",
            "ip_address": "10.0.4.87",
            "network_interface_id": "eni-0bacb58b16bd6875d",
            "security_groups": [
              "sg-0a03350a35a945932"
            ],
            "subnet_id": "subnet-0eab1f46b3eb52518"
          },
          "private": "bnVsbA==",
          "dependencies": [
            "aws_efs_file_system.git-data",
            "aws_security_group.efs-general",
            "aws_subnet.private_subnet2"
          ]
        }
      ]
    },
    {
      "mode": "managed",
      "type": "aws_efs_mount_target",
      "name": "Git-rails-shared-Priv1",
      "provider": "provider.aws",
      "instances": [
        {
          "schema_version": 0,
          "attributes": {
            "dns_name": "fs-ce504305.efs.eu-west-1.amazonaws.com",
            "file_system_arn": "arn:aws:elasticfilesystem:eu-west-1:606832048485:file-system/fs-ce504305",
            "file_system_id": "fs-ce504305",
            "id": "fsmt-8cfe7544",
            "ip_address": "10.0.3.74",
            "network_interface_id": "eni-02a9a42cdba1abcb4",
            "security_groups": [
              "sg-0a03350a35a945932"
            ],
            "subnet_id": "subnet-0ca4b6de2b6fed557"
          },
          "private": "bnVsbA==",
          "dependencies": [
            "aws_efs_file_system.git-rails-shared",
            "aws_security_group.efs-general",
            "aws_subnet.private_subnet1"
          ]
        }
      ]
    },
    {
      "mode": "managed",
      "type": "aws_efs_mount_target",
      "name": "Git-rails-shared-Priv2",
      "provider": "provider.aws",
      "instances": [
        {
          "schema_version": 0,
          "attributes": {
            "dns_name": "fs-ce504305.efs.eu-west-1.amazonaws.com",
            "file_system_arn": "arn:aws:elasticfilesystem:eu-west-1:606832048485:file-system/fs-ce504305",
            "file_system_id": "fs-ce504305",
            "id": "fsmt-8dfe7545",
            "ip_address": "10.0.4.161",
            "network_interface_id": "eni-0e8a2972c9a9c45e5",
            "security_groups": [
              "sg-0a03350a35a945932"
            ],
            "subnet_id": "subnet-0eab1f46b3eb52518"
          },
          "private": "bnVsbA==",
          "dependencies": [
            "aws_efs_file_system.git-rails-shared",
            "aws_security_group.efs-general",
            "aws_subnet.private_subnet2"
          ]
        }
      ]
    },
    {
      "mode": "managed",
      "type": "aws_efs_mount_target",
      "name": "Git-rails-uploads-Priv1",
      "provider": "provider.aws",
      "instances": [
        {
          "schema_version": 0,
          "attributes": {
            "dns_name": "fs-cc504307.efs.eu-west-1.amazonaws.com",
            "file_system_arn": "arn:aws:elasticfilesystem:eu-west-1:606832048485:file-system/fs-cc504307",
            "file_system_id": "fs-cc504307",
            "id": "fsmt-95fe755d",
            "ip_address": "10.0.3.214",
            "network_interface_id": "eni-0c53f0d4adcf638f6",
            "security_groups": [
              "sg-0a03350a35a945932"
            ],
            "subnet_id": "subnet-0ca4b6de2b6fed557"
          },
          "private": "bnVsbA==",
          "dependencies": [
            "aws_efs_file_system.git-rails-uploads",
            "aws_security_group.efs-general",
            "aws_subnet.private_subnet1"
          ]
        }
      ]
    },
    {
      "mode": "managed",
      "type": "aws_efs_mount_target",
      "name": "Git-rails-uploads-Priv2",
      "provider": "provider.aws",
      "instances": [
        {
          "schema_version": 0,
          "attributes": {
            "dns_name": "fs-cc504307.efs.eu-west-1.amazonaws.com",
            "file_system_arn": "arn:aws:elasticfilesystem:eu-west-1:606832048485:file-system/fs-cc504307",
            "file_system_id": "fs-cc504307",
            "id": "fsmt-8efe7546",
            "ip_address": "10.0.4.221",
            "network_interface_id": "eni-08860299fc0db539d",
            "security_groups": [
              "sg-0a03350a35a945932"
            ],
            "subnet_id": "subnet-0eab1f46b3eb52518"
          },
          "private": "bnVsbA==",
          "dependencies": [
            "aws_efs_file_system.git-rails-uploads",
            "aws_security_group.efs-general",
            "aws_subnet.private_subnet2"
          ]
        }
      ]
    },
    {
      "mode": "managed",
      "type": "aws_efs_mount_target",
      "name": "Git-ssh-Priv1",
      "provider": "provider.aws",
      "instances": [
        {
          "schema_version": 0,
          "attributes": {
            "dns_name": "fs-cf504304.efs.eu-west-1.amazonaws.com",
            "file_system_arn": "arn:aws:elasticfilesystem:eu-west-1:606832048485:file-system/fs-cf504304",
            "file_system_id": "fs-cf504304",
            "id": "fsmt-88fe7540",
            "ip_address": "10.0.3.205",
            "network_interface_id": "eni-053d74ddc4cbae5ce",
            "security_groups": [
              "sg-0a03350a35a945932"
            ],
            "subnet_id": "subnet-0ca4b6de2b6fed557"
          },
          "private": "bnVsbA==",
          "dependencies": [
            "aws_efs_file_system.git-ssh",
            "aws_security_group.efs-general",
            "aws_subnet.private_subnet1"
          ]
        }
      ]
    },
    {
      "mode": "managed",
      "type": "aws_efs_mount_target",
      "name": "Git-ssh-Priv2",
      "provider": "provider.aws",
      "instances": [
        {
          "schema_version": 0,
          "attributes": {
            "dns_name": "fs-cf504304.efs.eu-west-1.amazonaws.com",
            "file_system_arn": "arn:aws:elasticfilesystem:eu-west-1:606832048485:file-system/fs-cf504304",
            "file_system_id": "fs-cf504304",
            "id": "fsmt-80fe7548",
            "ip_address": "10.0.4.59",
            "network_interface_id": "eni-01e8cd3525a79793d",
            "security_groups": [
              "sg-0a03350a35a945932"
            ],
            "subnet_id": "subnet-0eab1f46b3eb52518"
          },
          "private": "bnVsbA==",
          "dependencies": [
            "aws_efs_file_system.git-ssh",
            "aws_security_group.efs-general",
            "aws_subnet.private_subnet2"
          ]
        }
      ]
    },
    {
      "mode": "managed",
      "type": "aws_efs_mount_target",
      "name": "Jenkins-Master-Priv1",
      "provider": "provider.aws",
      "instances": [
        {
          "schema_version": 0,
          "attributes": {
            "dns_name": "fs-cd504306.efs.eu-west-1.amazonaws.com",
            "file_system_arn": "arn:aws:elasticfilesystem:eu-west-1:606832048485:file-system/fs-cd504306",
            "file_system_id": "fs-cd504306",
            "id": "fsmt-8bfe7543",
            "ip_address": "10.0.3.8",
            "network_interface_id": "eni-0d3e60a751d5634c1",
            "security_groups": [
              "sg-0a03350a35a945932"
            ],
            "subnet_id": "subnet-0ca4b6de2b6fed557"
          },
          "private": "bnVsbA==",
          "dependencies": [
            "aws_efs_file_system.jenkins",
            "aws_security_group.efs-general",
            "aws_subnet.private_subnet1"
          ]
        }
      ]
    },
    {
      "mode": "managed",
      "type": "aws_efs_mount_target",
      "name": "Jenkins-Master-Priv2",
      "provider": "provider.aws",
      "instances": [
        {
          "schema_version": 0,
          "attributes": {
            "dns_name": "fs-cd504306.efs.eu-west-1.amazonaws.com",
            "file_system_arn": "arn:aws:elasticfilesystem:eu-west-1:606832048485:file-system/fs-cd504306",
            "file_system_id": "fs-cd504306",
            "id": "fsmt-89fe7541",
            "ip_address": "10.0.4.185",
            "network_interface_id": "eni-077cbb1e9ead30c44",
            "security_groups": [
              "sg-0a03350a35a945932"
            ],
            "subnet_id": "subnet-0eab1f46b3eb52518"
          },
          "private": "bnVsbA==",
          "dependencies": [
            "aws_efs_file_system.jenkins",
            "aws_security_group.efs-general",
            "aws_subnet.private_subnet2"
          ]
        }
      ]
    },
    {
      "mode": "managed",
      "type": "aws_eip",
      "name": "eip_nat",
      "provider": "provider.aws",
      "instances": [
        {
          "schema_version": 0,
          "attributes": {
            "allocation_id": null,
            "associate_with_private_ip": null,
            "association_id": "eipassoc-0e39ef51393e7a970",
            "domain": "vpc",
            "id": "eipalloc-08d8031f377fd2cbb",
            "instance": "",
            "network_interface": "eni-0ec7247b0a68277a7",
            "private_dns": "ip-10-0-3-247.eu-west-1.compute.internal",
            "private_ip": "10.0.3.247",
            "public_dns": "ec2-52-214-145-153.eu-west-1.compute.amazonaws.com",
            "public_ip": "52.214.145.153",
            "public_ipv4_pool": "amazon",
            "tags": {},
            "timeouts": null,
            "vpc": true
          },
          "private": "eyJlMmJmYjczMC1lY2FhLTExZTYtOGY4OC0zNDM2M2JjN2M0YzAiOnsiZGVsZXRlIjoxODAwMDAwMDAwMDAsInJlYWQiOjkwMDAwMDAwMDAwMCwidXBkYXRlIjozMDAwMDAwMDAwMDB9fQ=="
        }
      ]
    },
    {
      "mode": "managed",
      "type": "aws_elasticache_replication_group",
      "name": "gitlab_redis",
      "provider": "provider.aws",
      "instances": [
        {
          "schema_version": 1,
          "attributes": {
            "apply_immediately": null,
            "at_rest_encryption_enabled": false,
            "auth_token": "",
            "auto_minor_version_upgrade": true,
            "automatic_failover_enabled": true,
            "availability_zones": [
              "eu-west-1a",
              "eu-west-1b"
            ],
            "cluster_mode": [],
            "configuration_endpoint_address": null,
            "engine": "redis",
            "engine_version": "5.0.6",
            "id": "gitlab",
            "kms_key_id": "",
            "maintenance_window": "sat:23:00-sun:00:00",
            "member_clusters": [
              "gitlab-001",
              "gitlab-002"
            ],
            "node_type": "cache.m4.large",
            "notification_topic_arn": null,
            "number_cache_clusters": 2,
            "parameter_group_name": "default.redis5.0",
            "port": 6379,
            "primary_endpoint_address": "gitlab.zjljsh.ng.0001.euw1.cache.amazonaws.com",
            "replication_group_description": "Redis Cluster Powering gitlab",
            "replication_group_id": "gitlab",
            "security_group_ids": [
              "sg-0fdba59f7e3fb15f3"
            ],
            "security_group_names": [],
            "snapshot_arns": null,
            "snapshot_name": null,
            "snapshot_retention_limit": 0,
            "snapshot_window": "00:30-01:30",
            "subnet_group_name": "gitlab-redis-subnet-group",
            "tags": null,
            "timeouts": null,
            "transit_encryption_enabled": false
          },
          "private": "eyJlMmJmYjczMC1lY2FhLTExZTYtOGY4OC0zNDM2M2JjN2M0YzAiOnsiY3JlYXRlIjozNjAwMDAwMDAwMDAwLCJkZWxldGUiOjI0MDAwMDAwMDAwMDAsInVwZGF0ZSI6MjQwMDAwMDAwMDAwMH0sInNjaGVtYV92ZXJzaW9uIjoiMSJ9",
          "dependencies": [
            "aws_elasticache_subnet_group.gitlab_redis",
            "aws_security_group.redis"
          ]
        }
      ]
    },
    {
      "mode": "managed",
      "type": "aws_elasticache_subnet_group",
      "name": "gitlab_redis",
      "provider": "provider.aws",
      "instances": [
        {
          "schema_version": 0,
          "attributes": {
            "description": "Managed by Terraform",
            "id": "gitlab-redis-subnet-group",
            "name": "gitlab-redis-subnet-group",
            "subnet_ids": [
              "subnet-0ca4b6de2b6fed557",
              "subnet-0eab1f46b3eb52518"
            ]
          },
          "private": "bnVsbA==",
          "dependencies": [
            "aws_subnet.private_subnet1",
            "aws_subnet.private_subnet2"
          ]
        }
      ]
    },
    {
      "mode": "managed",
      "type": "aws_iam_instance_profile",
      "name": "ec2-readonly-profile",
      "provider": "provider.aws",
      "instances": [
        {
          "schema_version": 0,
          "attributes": {
            "arn": "arn:aws:iam::606832048485:instance-profile/ec2-readonly-profile",
            "create_date": "2020-04-28T17:47:17Z",
            "id": "ec2-readonly-profile",
            "name": "ec2-readonly-profile",
            "name_prefix": null,
            "path": "/",
            "role": "ec2-readonly-role",
            "roles": [],
            "unique_id": "AIPAY2SQCHFS32NOYNGNV"
          },
          "private": "bnVsbA==",
          "dependencies": [
            "aws_iam_role.ec2_readonly_role"
          ]
        }
      ]
    },
    {
      "mode": "managed",
      "type": "aws_iam_role",
      "name": "ec2_readonly_role",
      "provider": "provider.aws",
      "instances": [
        {
          "schema_version": 0,
          "attributes": {
            "arn": "arn:aws:iam::606832048485:role/ec2-readonly-role",
            "assume_role_policy": "{\"Version\":\"2012-10-17\",\"Statement\":[{\"Sid\":\"\",\"Effect\":\"Allow\",\"Principal\":{\"Service\":\"ec2.amazonaws.com\"},\"Action\":\"sts:AssumeRole\"}]}",
            "create_date": "2020-04-28T17:47:15Z",
            "description": "",
            "force_detach_policies": false,
            "id": "ec2-readonly-role",
            "max_session_duration": 3600,
            "name": "ec2-readonly-role",
            "name_prefix": null,
            "path": "/",
            "permissions_boundary": null,
            "tags": null,
            "unique_id": "AROAY2SQCHFSUHUGWTKO2"
          },
          "private": "bnVsbA=="
        }
      ]
    },
    {
      "mode": "managed",
      "type": "aws_iam_role_policy_attachment",
      "name": "attach-ec2-readonly-policy",
      "provider": "provider.aws",
      "instances": [
        {
          "schema_version": 0,
          "attributes": {
            "id": "ec2-readonly-role-20200428174717793600000001",
            "policy_arn": "arn:aws:iam::aws:policy/IAMReadOnlyAccess",
            "role": "ec2-readonly-role"
          },
          "private": "bnVsbA==",
          "dependencies": [
            "aws_iam_role.ec2_readonly_role"
          ]
        }
      ]
    },
    {
      "mode": "managed",
      "type": "aws_instance",
      "name": "bastion",
      "provider": "provider.aws",
      "instances": [
        {
          "schema_version": 1,
          "attributes": {
            "ami": "ami-0202869bdd0fc8c75",
            "arn": "arn:aws:ec2:eu-west-1:606832048485:instance/i-0af92436bff558188",
            "associate_public_ip_address": false,
            "availability_zone": "eu-west-1a",
            "cpu_core_count": 1,
            "cpu_threads_per_core": 2,
            "credit_specification": [
              {
                "cpu_credits": "unlimited"
              }
            ],
            "disable_api_termination": false,
            "ebs_block_device": [],
            "ebs_optimized": false,
            "ephemeral_block_device": [],
            "get_password_data": false,
            "hibernation": false,
            "host_id": null,
            "iam_instance_profile": "",
            "id": "i-0af92436bff558188",
            "instance_initiated_shutdown_behavior": null,
            "instance_state": "running",
            "instance_type": "t3.medium",
            "ipv6_address_count": 0,
            "ipv6_addresses": [],
            "key_name": "ec2_key_pair",
            "metadata_options": [
              {
                "http_endpoint": "enabled",
                "http_put_response_hop_limit": 1,
                "http_tokens": "optional"
              }
            ],
            "monitoring": false,
            "network_interface": [],
            "network_interface_id": null,
            "password_data": "",
            "placement_group": "",
            "primary_network_interface_id": "eni-018f336c4df81cfcb",
            "private_dns": "ip-10-0-1-163.eu-west-1.compute.internal",
            "private_ip": "10.0.1.163",
            "public_dns": "",
            "public_ip": "",
            "root_block_device": [
              {
                "delete_on_termination": true,
                "device_name": "/dev/sda1",
                "encrypted": false,
                "iops": 100,
                "kms_key_id": "",
                "volume_id": "vol-02a2eb6f59a7e6f20",
                "volume_size": 10,
                "volume_type": "gp2"
              }
            ],
            "security_groups": [
              "sg-0be80fd8d6e5cf44e"
            ],
            "source_dest_check": true,
            "subnet_id": "subnet-0ec94157b6c6e1906",
            "tags": {
              "Name": "bastion"
            },
            "tenancy": "default",
            "timeouts": null,
            "user_data": null,
            "user_data_base64": null,
            "volume_tags": {},
            "vpc_security_group_ids": [
              "sg-0be80fd8d6e5cf44e"
            ]
          },
          "private": "eyJlMmJmYjczMC1lY2FhLTExZTYtOGY4OC0zNDM2M2JjN2M0YzAiOnsiY3JlYXRlIjo2MDAwMDAwMDAwMDAsImRlbGV0ZSI6MTIwMDAwMDAwMDAwMCwidXBkYXRlIjo2MDAwMDAwMDAwMDB9LCJzY2hlbWFfdmVyc2lvbiI6IjEifQ==",
          "dependencies": [
            "aws_key_pair.default",
            "aws_security_group.bastion",
            "aws_subnet.public_subnet1"
          ]
        }
      ]
    },
    {
      "mode": "managed",
      "type": "aws_internet_gateway",
      "name": "igw",
      "provider": "provider.aws",
      "instances": [
        {
          "schema_version": 0,
          "attributes": {
            "id": "igw-03d664d6d9f14d990",
            "owner_id": "606832048485",
            "tags": {
              "Name": "Devops_IGW"
            },
            "vpc_id": "vpc-025c0d7ca73668b18"
          },
          "private": "bnVsbA==",
          "dependencies": [
            "aws_vpc.default"
          ]
        }
      ]
    },
    {
      "mode": "managed",
      "type": "aws_key_pair",
      "name": "default",
      "provider": "provider.aws",
      "instances": [
        {
          "schema_version": 1,
          "attributes": {
            "fingerprint": "26:73:e4:c1:66:e7:8c:5f:88:69:54:b5:1e:4a:21:39",
            "id": "ec2_key_pair",
            "key_name": "ec2_key_pair",
            "key_name_prefix": null,
            "key_pair_id": "key-017af45345c6c0421",
            "public_key": "ssh-rsa AAAAB3NzaC1yc2EAAAADAQABAAABAQDhwIM5McHbQE2ofrZLLb01wP8rVf/nO0fESyTC96+DYDBuQGKg5HT8OCAWFYg9XMcoZBELAHtG7/59rkij1WdPi/tNNStcsCsI2h1GRtWgNsJzVSSaByoQ/PjHBH8xZUPFaUcSMeXfiWO/7XszYZ3UhOB+bmWZqVoAYvFZurQDU9BiBUGOFwdb1a/WSXY2yFco613WXu5U99t0GDpTxKqM7rKNRhHIZbnjpt1PVp498h3A8BuSOaeUn+rWYT2Qnwas2akAa0ulLHuHhu6/pnnY+THIpepyK9ZYu0xByhDzYClnxo4KWszSHvORa6MaCFOXiUxMg6iKui8n8u7nBesx gpriya@ubuntu",
            "tags": {}
          },
          "private": "eyJzY2hlbWFfdmVyc2lvbiI6IjEifQ=="
        }
      ]
    },
    {
      "mode": "managed",
      "type": "aws_kms_key",
      "name": "git-kms",
      "provider": "provider.aws",
      "instances": [
        {
          "schema_version": 0,
          "attributes": {
            "arn": "arn:aws:kms:eu-west-1:606832048485:key/c869ce54-08a7-48d9-bade-893ebefc4c49",
            "customer_master_key_spec": "SYMMETRIC_DEFAULT",
            "deletion_window_in_days": null,
            "description": "Encrypt Data at rest in EFS",
            "enable_key_rotation": false,
            "id": "c869ce54-08a7-48d9-bade-893ebefc4c49",
            "is_enabled": true,
            "key_id": "c869ce54-08a7-48d9-bade-893ebefc4c49",
            "key_usage": "ENCRYPT_DECRYPT",
            "policy": "{\"Statement\":[{\"Action\":\"kms:*\",\"Effect\":\"Allow\",\"Principal\":\"*\",\"Resource\":\"*\",\"Sid\":\"Enable IAM User permissions\"}],\"Version\":\"2012-10-17\"}",
            "tags": {}
          },
          "private": "bnVsbA=="
        }
      ]
    },
    {
      "mode": "managed",
      "type": "aws_kms_key",
      "name": "jenkins-kms",
      "provider": "provider.aws",
      "instances": [
        {
          "schema_version": 0,
          "attributes": {
            "arn": "arn:aws:kms:eu-west-1:606832048485:key/8b4ba789-5755-459c-a839-3f0499121332",
            "customer_master_key_spec": "SYMMETRIC_DEFAULT",
            "deletion_window_in_days": null,
            "description": "Encrypt Data at rest in EFS",
            "enable_key_rotation": false,
            "id": "8b4ba789-5755-459c-a839-3f0499121332",
            "is_enabled": true,
            "key_id": "8b4ba789-5755-459c-a839-3f0499121332",
            "key_usage": "ENCRYPT_DECRYPT",
            "policy": "{\"Statement\":[{\"Action\":\"kms:*\",\"Effect\":\"Allow\",\"Principal\":\"*\",\"Resource\":\"*\",\"Sid\":\"Enable IAM User permissions\"}],\"Version\":\"2012-10-17\"}",
            "tags": {}
          },
          "private": "bnVsbA=="
        }
      ]
    },
    {
      "mode": "managed",
      "type": "aws_launch_configuration",
      "name": "git",
      "provider": "provider.aws",
      "instances": [
        {
          "schema_version": 0,
          "attributes": {
            "arn": "arn:aws:autoscaling:eu-west-1:606832048485:launchConfiguration:fe3f0822-61e3-4cb1-99b3-bf71d2df6963:launchConfigurationName/git-20200428174721037200000002",
            "associate_public_ip_address": false,
            "ebs_block_device": [
              {
                "delete_on_termination": true,
                "device_name": "/dev/sdf",
                "encrypted": false,
                "iops": 0,
                "no_device": false,
                "snapshot_id": "",
                "volume_size": 50,
                "volume_type": "gp2"
              }
            ],
            "ebs_optimized": false,
            "enable_monitoring": true,
            "ephemeral_block_device": [],
            "iam_instance_profile": "ec2-readonly-profile",
            "id": "git-20200428174721037200000002",
            "image_id": "ami-00890f614e48ce866",
            "instance_type": "t3.medium",
            "key_name": "ec2_key_pair",
            "name": "git-20200428174721037200000002",
            "name_prefix": "git-",
            "placement_tenancy": null,
            "root_block_device": [
              {
                "delete_on_termination": true,
                "encrypted": false,
                "iops": 0,
                "volume_size": 50,
                "volume_type": ""
              }
            ],
            "security_groups": [
              "sg-09c6b3b535f2b2071"
            ],
            "spot_price": "",
            "user_data": "6220ea6fbaf0d2345114db987e898771555774c6",
            "user_data_base64": null,
            "vpc_classic_link_id": "",
            "vpc_classic_link_security_groups": null
          },
          "private": "bnVsbA==",
          "dependencies": [
            "aws_iam_instance_profile.ec2-readonly-profile",
            "aws_iam_role.ec2_readonly_role",
            "aws_key_pair.default",
            "aws_security_group.git"
          ]
        }
      ]
    },
    {
      "mode": "managed",
      "type": "aws_launch_configuration",
      "name": "jenkins-master",
      "provider": "provider.aws",
      "instances": [
        {
          "schema_version": 0,
          "attributes": {
            "arn": "arn:aws:autoscaling:eu-west-1:606832048485:launchConfiguration:d83c32bc-2808-4cd9-9e38-7c3948397b54:launchConfigurationName/jenkins-master-20200428174721044600000003",
            "associate_public_ip_address": false,
            "ebs_block_device": [
              {
                "delete_on_termination": true,
                "device_name": "/dev/sdf",
                "encrypted": false,
                "iops": 0,
                "no_device": false,
                "snapshot_id": "",
                "volume_size": 50,
                "volume_type": "gp2"
              }
            ],
            "ebs_optimized": false,
            "enable_monitoring": true,
            "ephemeral_block_device": [],
            "iam_instance_profile": "ec2-readonly-profile",
            "id": "jenkins-master-20200428174721044600000003",
            "image_id": "ami-0202869bdd0fc8c75",
            "instance_type": "t3.medium",
            "key_name": "ec2_key_pair",
            "name": "jenkins-master-20200428174721044600000003",
            "name_prefix": "jenkins-master-",
            "placement_tenancy": null,
            "root_block_device": [
              {
                "delete_on_termination": true,
                "encrypted": false,
                "iops": 0,
                "volume_size": 50,
                "volume_type": ""
              }
            ],
            "security_groups": [
              "sg-03c14d9bd2f028b20"
            ],
            "spot_price": "",
            "user_data": "54eb0791403164d9418a864ba899fc055842b129",
            "user_data_base64": null,
            "vpc_classic_link_id": "",
            "vpc_classic_link_security_groups": null
          },
          "private": "bnVsbA==",
          "dependencies": [
            "aws_iam_instance_profile.ec2-readonly-profile",
            "aws_iam_role.ec2_readonly_role",
            "aws_key_pair.default",
            "aws_nat_gateway.nat_gw1",
            "aws_security_group.jenkins"
          ]
        }
      ]
    },
    {
      "mode": "managed",
      "type": "aws_launch_configuration",
      "name": "jenkins-slave",
      "provider": "provider.aws",
      "instances": [
        {
          "schema_version": 0,
          "attributes": {
            "arn": "arn:aws:autoscaling:eu-west-1:606832048485:launchConfiguration:0f8cc77d-eda4-4ffe-9fd7-cbc0361ce520:launchConfigurationName/jenkins-slave-20200428173254361600000001",
            "associate_public_ip_address": false,
            "ebs_block_device": [
              {
                "delete_on_termination": true,
                "device_name": "/dev/sdf",
                "encrypted": false,
                "iops": 0,
                "no_device": false,
                "snapshot_id": "",
                "volume_size": 50,
                "volume_type": "gp2"
              }
            ],
            "ebs_optimized": false,
            "enable_monitoring": true,
            "ephemeral_block_device": [],
            "iam_instance_profile": "",
            "id": "jenkins-slave-20200428173254361600000001",
            "image_id": "ami-0202869bdd0fc8c75",
            "instance_type": "t3.medium",
            "key_name": "ec2_key_pair",
            "name": "jenkins-slave-20200428173254361600000001",
            "name_prefix": "jenkins-slave-",
            "placement_tenancy": null,
            "root_block_device": [
              {
                "delete_on_termination": true,
                "encrypted": false,
                "iops": 0,
                "volume_size": 50,
                "volume_type": ""
              }
            ],
            "security_groups": [
              "sg-03c14d9bd2f028b20"
            ],
            "spot_price": "",
            "user_data": "9638e49a7ddd498933df94e0acd73b16bc162f97",
            "user_data_base64": null,
            "vpc_classic_link_id": "",
            "vpc_classic_link_security_groups": []
          },
          "private": "bnVsbA==",
          "dependencies": [
            "aws_key_pair.default",
            "aws_nat_gateway.nat_gw1",
            "aws_security_group.jenkins"
          ]
        }
      ]
    },
    {
      "mode": "managed",
      "type": "aws_lb",
      "name": "alb_apps",
      "provider": "provider.aws",
      "instances": [
        {
          "schema_version": 0,
          "attributes": {
            "access_logs": [
              {
                "bucket": "",
                "enabled": false,
                "prefix": ""
              }
            ],
            "arn": "arn:aws:elasticloadbalancing:eu-west-1:606832048485:loadbalancer/app/private-apps-alb/3fd725a34aaab13e",
            "arn_suffix": "app/private-apps-alb/3fd725a34aaab13e",
            "dns_name": "private-apps-alb-1967597232.eu-west-1.elb.amazonaws.com",
            "drop_invalid_header_fields": false,
            "enable_cross_zone_load_balancing": null,
            "enable_deletion_protection": false,
            "enable_http2": true,
            "id": "arn:aws:elasticloadbalancing:eu-west-1:606832048485:loadbalancer/app/private-apps-alb/3fd725a34aaab13e",
            "idle_timeout": 60,
            "internal": false,
            "ip_address_type": "ipv4",
            "load_balancer_type": "application",
            "name": "private-apps-alb",
            "name_prefix": null,
            "security_groups": [
              "sg-03c14d9bd2f028b20",
              "sg-09c6b3b535f2b2071"
            ],
            "subnet_mapping": [
              {
                "allocation_id": "",
                "subnet_id": "subnet-0ec94157b6c6e1906"
              },
              {
                "allocation_id": "",
                "subnet_id": "subnet-0f614af8fc05cb5f1"
              }
            ],
            "subnets": [
              "subnet-0ec94157b6c6e1906",
              "subnet-0f614af8fc05cb5f1"
            ],
            "tags": {
              "Environment": "Dev"
            },
            "timeouts": null,
            "vpc_id": "vpc-025c0d7ca73668b18",
            "zone_id": "Z32O12XQLNTSW2"
          },
          "private": "eyJlMmJmYjczMC1lY2FhLTExZTYtOGY4OC0zNDM2M2JjN2M0YzAiOnsiY3JlYXRlIjo2MDAwMDAwMDAwMDAsImRlbGV0ZSI6NjAwMDAwMDAwMDAwLCJ1cGRhdGUiOjYwMDAwMDAwMDAwMH19",
          "dependencies": [
            "aws_security_group.git",
            "aws_security_group.jenkins",
            "aws_subnet.public_subnet1",
            "aws_subnet.public_subnet2"
          ]
        }
      ]
    },
    {
      "mode": "managed",
      "type": "aws_lb_listener",
      "name": "git-80",
      "provider": "provider.aws",
      "instances": [
        {
          "schema_version": 0,
          "attributes": {
            "arn": "arn:aws:elasticloadbalancing:eu-west-1:606832048485:listener/app/private-apps-alb/3fd725a34aaab13e/28b53b82e5dba02d",
            "certificate_arn": null,
            "default_action": [
              {
                "authenticate_cognito": [],
                "authenticate_oidc": [],
                "fixed_response": [],
                "order": 1,
                "redirect": [],
                "target_group_arn": "arn:aws:elasticloadbalancing:eu-west-1:606832048485:targetgroup/git-80/92637b31b713021d",
                "type": "forward"
              }
            ],
            "id": "arn:aws:elasticloadbalancing:eu-west-1:606832048485:listener/app/private-apps-alb/3fd725a34aaab13e/28b53b82e5dba02d",
            "load_balancer_arn": "arn:aws:elasticloadbalancing:eu-west-1:606832048485:loadbalancer/app/private-apps-alb/3fd725a34aaab13e",
            "port": 80,
            "protocol": "HTTP",
            "ssl_policy": "",
            "timeouts": null
          },
          "private": "eyJlMmJmYjczMC1lY2FhLTExZTYtOGY4OC0zNDM2M2JjN2M0YzAiOnsicmVhZCI6NjAwMDAwMDAwMDAwfX0=",
          "dependencies": [
            "aws_lb.alb_apps",
            "aws_lb_target_group.git-80",
            "aws_security_group.git",
            "aws_security_group.jenkins",
            "aws_subnet.public_subnet1",
            "aws_subnet.public_subnet2"
          ]
        }
      ]
    },
    {
      "mode": "managed",
      "type": "aws_lb_listener",
      "name": "jenkins-master-8080",
      "provider": "provider.aws",
      "instances": [
        {
          "schema_version": 0,
          "attributes": {
            "arn": "arn:aws:elasticloadbalancing:eu-west-1:606832048485:listener/app/private-apps-alb/3fd725a34aaab13e/3e5df948c89fc7af",
            "certificate_arn": null,
            "default_action": [
              {
                "authenticate_cognito": [],
                "authenticate_oidc": [],
                "fixed_response": [],
                "order": 1,
                "redirect": [],
                "target_group_arn": "arn:aws:elasticloadbalancing:eu-west-1:606832048485:targetgroup/jenkins-master-8080/6e69c9b8f0cd3cb6",
                "type": "forward"
              }
            ],
            "id": "arn:aws:elasticloadbalancing:eu-west-1:606832048485:listener/app/private-apps-alb/3fd725a34aaab13e/3e5df948c89fc7af",
            "load_balancer_arn": "arn:aws:elasticloadbalancing:eu-west-1:606832048485:loadbalancer/app/private-apps-alb/3fd725a34aaab13e",
            "port": 8080,
            "protocol": "HTTP",
            "ssl_policy": "",
            "timeouts": null
          },
          "private": "eyJlMmJmYjczMC1lY2FhLTExZTYtOGY4OC0zNDM2M2JjN2M0YzAiOnsicmVhZCI6NjAwMDAwMDAwMDAwfX0=",
          "dependencies": [
            "aws_lb.alb_apps",
            "aws_lb_target_group.jenkins-master-8080",
            "aws_security_group.git",
            "aws_security_group.jenkins",
            "aws_subnet.public_subnet1",
            "aws_subnet.public_subnet2"
          ]
        }
      ]
    },
    {
      "mode": "managed",
      "type": "aws_lb_target_group",
      "name": "git-80",
      "provider": "provider.aws",
      "instances": [
        {
          "schema_version": 0,
          "attributes": {
            "arn": "arn:aws:elasticloadbalancing:eu-west-1:606832048485:targetgroup/git-80/92637b31b713021d",
            "arn_suffix": "targetgroup/git-80/92637b31b713021d",
            "deregistration_delay": 300,
            "health_check": [
              {
                "enabled": true,
                "healthy_threshold": 2,
                "interval": 8,
                "matcher": "200,302",
                "path": "/",
                "port": "traffic-port",
                "protocol": "HTTP",
                "timeout": 5,
                "unhealthy_threshold": 2
              }
            ],
            "id": "arn:aws:elasticloadbalancing:eu-west-1:606832048485:targetgroup/git-80/92637b31b713021d",
            "lambda_multi_value_headers_enabled": false,
            "load_balancing_algorithm_type": "round_robin",
            "name": "git-80",
            "name_prefix": null,
            "port": 80,
            "protocol": "HTTP",
            "proxy_protocol_v2": false,
            "slow_start": 0,
            "stickiness": [
              {
                "cookie_duration": 86400,
                "enabled": false,
                "type": "lb_cookie"
              }
            ],
            "tags": {},
            "target_type": "instance",
            "vpc_id": "vpc-025c0d7ca73668b18"
          },
          "private": "bnVsbA==",
          "dependencies": [
            "aws_vpc.default"
          ]
        }
      ]
    },
    {
      "mode": "managed",
      "type": "aws_lb_target_group",
      "name": "jenkins-master-8080",
      "provider": "provider.aws",
      "instances": [
        {
          "schema_version": 0,
          "attributes": {
            "arn": "arn:aws:elasticloadbalancing:eu-west-1:606832048485:targetgroup/jenkins-master-8080/6e69c9b8f0cd3cb6",
            "arn_suffix": "targetgroup/jenkins-master-8080/6e69c9b8f0cd3cb6",
            "deregistration_delay": 300,
            "health_check": [
              {
                "enabled": true,
                "healthy_threshold": 2,
                "interval": 8,
                "matcher": "200,403",
                "path": "/",
                "port": "traffic-port",
                "protocol": "HTTP",
                "timeout": 5,
                "unhealthy_threshold": 2
              }
            ],
            "id": "arn:aws:elasticloadbalancing:eu-west-1:606832048485:targetgroup/jenkins-master-8080/6e69c9b8f0cd3cb6",
            "lambda_multi_value_headers_enabled": false,
            "load_balancing_algorithm_type": "round_robin",
            "name": "jenkins-master-8080",
            "name_prefix": null,
            "port": 8080,
            "protocol": "HTTP",
            "proxy_protocol_v2": false,
            "slow_start": 0,
            "stickiness": [
              {
                "cookie_duration": 86400,
                "enabled": false,
                "type": "lb_cookie"
              }
            ],
            "tags": {},
            "target_type": "instance",
            "vpc_id": "vpc-025c0d7ca73668b18"
          },
          "private": "bnVsbA==",
          "dependencies": [
            "aws_vpc.default"
          ]
        }
      ]
    },
    {
      "mode": "managed",
      "type": "aws_nat_gateway",
      "name": "nat_gw1",
      "provider": "provider.aws",
      "instances": [
        {
          "schema_version": 0,
          "attributes": {
            "allocation_id": "eipalloc-08d8031f377fd2cbb",
            "id": "nat-0847b30c5395d876e",
            "network_interface_id": "eni-0ec7247b0a68277a7",
            "private_ip": "10.0.3.247",
            "public_ip": "52.214.145.153",
            "subnet_id": "subnet-0ca4b6de2b6fed557",
            "tags": {}
          },
          "private": "bnVsbA==",
          "dependencies": [
            "aws_eip.eip_nat",
            "aws_internet_gateway.igw",
            "aws_subnet.private_subnet1",
            "aws_vpc.default"
          ]
        }
      ]
    },
    {
      "mode": "managed",
      "type": "aws_route_table",
      "name": "private_route",
      "provider": "provider.aws",
      "instances": [
        {
          "schema_version": 0,
          "attributes": {
            "id": "rtb-0f2e6acb3b6f3886d",
            "owner_id": "606832048485",
            "propagating_vgws": [],
            "route": [
              {
                "cidr_block": "0.0.0.0/0",
                "egress_only_gateway_id": "",
                "gateway_id": "",
                "instance_id": "",
                "ipv6_cidr_block": "",
                "nat_gateway_id": "nat-0847b30c5395d876e",
                "network_interface_id": "",
                "transit_gateway_id": "",
                "vpc_peering_connection_id": ""
              }
            ],
            "tags": {
              "Name": "Private_Subnet_RT"
            },
            "vpc_id": "vpc-025c0d7ca73668b18"
          },
          "private": "bnVsbA==",
          "dependencies": [
            "aws_eip.eip_nat",
            "aws_internet_gateway.igw",
            "aws_nat_gateway.nat_gw1",
            "aws_subnet.private_subnet1",
            "aws_vpc.default"
          ]
        }
      ]
    },
    {
      "mode": "managed",
      "type": "aws_route_table",
      "name": "public_route",
      "provider": "provider.aws",
      "instances": [
        {
          "schema_version": 0,
          "attributes": {
            "id": "rtb-03b6be93cc3afaced",
            "owner_id": "606832048485",
            "propagating_vgws": [],
            "route": [
              {
                "cidr_block": "0.0.0.0/0",
                "egress_only_gateway_id": "",
                "gateway_id": "igw-03d664d6d9f14d990",
                "instance_id": "",
                "ipv6_cidr_block": "",
                "nat_gateway_id": "",
                "network_interface_id": "",
                "transit_gateway_id": "",
                "vpc_peering_connection_id": ""
              }
            ],
            "tags": {
              "Name": "Public_Subnet_RT"
            },
            "vpc_id": "vpc-025c0d7ca73668b18"
          },
          "private": "bnVsbA==",
          "dependencies": [
            "aws_internet_gateway.igw",
            "aws_vpc.default"
          ]
        }
      ]
    },
    {
      "mode": "managed",
      "type": "aws_route_table_association",
      "name": "private_route1",
      "provider": "provider.aws",
      "instances": [
        {
          "schema_version": 0,
          "attributes": {
            "gateway_id": null,
            "id": "rtbassoc-02233bfb0d90c0cfd",
            "route_table_id": "rtb-0f2e6acb3b6f3886d",
            "subnet_id": "subnet-0ca4b6de2b6fed557"
          },
          "private": "bnVsbA==",
          "dependencies": [
            "aws_eip.eip_nat",
            "aws_internet_gateway.igw",
            "aws_nat_gateway.nat_gw1",
            "aws_route_table.private_route",
            "aws_subnet.private_subnet1",
            "aws_vpc.default"
          ]
        }
      ]
    },
    {
      "mode": "managed",
      "type": "aws_route_table_association",
      "name": "private_route2",
      "provider": "provider.aws",
      "instances": [
        {
          "schema_version": 0,
          "attributes": {
            "gateway_id": null,
            "id": "rtbassoc-0752257f601c9eded",
            "route_table_id": "rtb-0f2e6acb3b6f3886d",
            "subnet_id": "subnet-0eab1f46b3eb52518"
          },
          "private": "bnVsbA==",
          "dependencies": [
            "aws_eip.eip_nat",
            "aws_internet_gateway.igw",
            "aws_nat_gateway.nat_gw1",
            "aws_route_table.private_route",
            "aws_subnet.private_subnet1",
            "aws_subnet.private_subnet2",
            "aws_vpc.default"
          ]
        }
      ]
    },
    {
      "mode": "managed",
      "type": "aws_route_table_association",
      "name": "public_route1",
      "provider": "provider.aws",
      "instances": [
        {
          "schema_version": 0,
          "attributes": {
            "gateway_id": null,
            "id": "rtbassoc-07ae7b3499e20f1b1",
            "route_table_id": "rtb-03b6be93cc3afaced",
            "subnet_id": "subnet-0ec94157b6c6e1906"
          },
          "private": "bnVsbA==",
          "dependencies": [
            "aws_internet_gateway.igw",
            "aws_route_table.public_route",
            "aws_subnet.public_subnet1",
            "aws_vpc.default"
          ]
        }
      ]
    },
    {
      "mode": "managed",
      "type": "aws_route_table_association",
      "name": "public_route2",
      "provider": "provider.aws",
      "instances": [
        {
          "schema_version": 0,
          "attributes": {
            "gateway_id": null,
            "id": "rtbassoc-0fa1611280b887a29",
            "route_table_id": "rtb-03b6be93cc3afaced",
            "subnet_id": "subnet-0f614af8fc05cb5f1"
          },
          "private": "bnVsbA==",
          "dependencies": [
            "aws_internet_gateway.igw",
            "aws_route_table.public_route",
            "aws_subnet.public_subnet2",
            "aws_vpc.default"
          ]
        }
      ]
    },
    {
      "mode": "managed",
      "type": "aws_security_group",
      "name": "bastion",
      "provider": "provider.aws",
      "instances": [
        {
          "schema_version": 1,
          "attributes": {
            "arn": "arn:aws:ec2:eu-west-1:606832048485:security-group/sg-0be80fd8d6e5cf44e",
            "description": "Allowing incoming SSH access and pings",
            "egress": [
              {
                "cidr_blocks": [
                  "0.0.0.0/0"
                ],
                "description": "",
                "from_port": 0,
                "ipv6_cidr_blocks": [],
                "prefix_list_ids": [],
                "protocol": "-1",
                "security_groups": [],
                "self": false,
                "to_port": 0
              }
            ],
            "id": "sg-0be80fd8d6e5cf44e",
            "ingress": [
              {
                "cidr_blocks": [
                  "0.0.0.0/0"
                ],
                "description": "",
                "from_port": 22,
                "ipv6_cidr_blocks": [],
                "prefix_list_ids": [],
                "protocol": "tcp",
                "security_groups": [],
                "self": false,
                "to_port": 22
              }
            ],
            "name": "bastion",
            "name_prefix": null,
            "owner_id": "606832048485",
            "revoke_rules_on_delete": false,
            "tags": {
              "Name": "Bastion SG"
            },
            "timeouts": null,
            "vpc_id": "vpc-025c0d7ca73668b18"
          },
          "private": "eyJlMmJmYjczMC1lY2FhLTExZTYtOGY4OC0zNDM2M2JjN2M0YzAiOnsiY3JlYXRlIjo2MDAwMDAwMDAwMDAsImRlbGV0ZSI6NjAwMDAwMDAwMDAwfSwic2NoZW1hX3ZlcnNpb24iOiIxIn0=",
          "dependencies": [
            "aws_vpc.default"
          ]
        }
      ]
    },
    {
      "mode": "managed",
      "type": "aws_security_group",
      "name": "db",
      "provider": "provider.aws",
      "instances": [
        {
          "schema_version": 1,
          "attributes": {
            "arn": "arn:aws:ec2:eu-west-1:606832048485:security-group/sg-0a7e5426f8047dacc",
            "description": "Allowing traffic from private subnet",
            "egress": [
              {
                "cidr_blocks": [
                  "0.0.0.0/0"
                ],
                "description": "",
                "from_port": 0,
                "ipv6_cidr_blocks": [],
                "prefix_list_ids": [],
                "protocol": "-1",
                "security_groups": [],
                "self": false,
                "to_port": 0
              }
            ],
            "id": "sg-0a7e5426f8047dacc",
            "ingress": [
              {
                "cidr_blocks": [
                  "10.0.3.0/24",
                  "10.0.4.0/24"
                ],
                "description": "",
                "from_port": 5432,
                "ipv6_cidr_blocks": [],
                "prefix_list_ids": [],
                "protocol": "tcp",
                "security_groups": [],
                "self": false,
                "to_port": 5432
              }
            ],
            "name": "db",
            "name_prefix": null,
            "owner_id": "606832048485",
            "revoke_rules_on_delete": false,
            "tags": {
              "Name": "DB SG"
            },
            "timeouts": null,
            "vpc_id": "vpc-025c0d7ca73668b18"
          },
          "private": "eyJlMmJmYjczMC1lY2FhLTExZTYtOGY4OC0zNDM2M2JjN2M0YzAiOnsiY3JlYXRlIjo2MDAwMDAwMDAwMDAsImRlbGV0ZSI6NjAwMDAwMDAwMDAwfSwic2NoZW1hX3ZlcnNpb24iOiIxIn0=",
          "dependencies": [
            "aws_vpc.default"
          ]
        }
      ]
    },
    {
      "mode": "managed",
      "type": "aws_security_group",
      "name": "efs-general",
      "provider": "provider.aws",
      "instances": [
        {
          "schema_version": 1,
          "attributes": {
            "arn": "arn:aws:ec2:eu-west-1:606832048485:security-group/sg-0a03350a35a945932",
            "description": "Allowing incoming NFS ports",
            "egress": [
              {
                "cidr_blocks": [
                  "0.0.0.0/0"
                ],
                "description": "",
                "from_port": 0,
                "ipv6_cidr_blocks": [],
                "prefix_list_ids": [],
                "protocol": "-1",
                "security_groups": [],
                "self": false,
                "to_port": 0
              }
            ],
            "id": "sg-0a03350a35a945932",
            "ingress": [
              {
                "cidr_blocks": [
                  "10.0.3.0/24",
                  "10.0.4.0/24"
                ],
                "description": "",
                "from_port": 2049,
                "ipv6_cidr_blocks": [],
                "prefix_list_ids": [],
                "protocol": "tcp",
                "security_groups": [],
                "self": false,
                "to_port": 2049
              }
            ],
            "name": "efs-general",
            "name_prefix": null,
            "owner_id": "606832048485",
            "revoke_rules_on_delete": false,
            "tags": {
              "Name": "EFS SG"
            },
            "timeouts": null,
            "vpc_id": "vpc-025c0d7ca73668b18"
          },
          "private": "eyJlMmJmYjczMC1lY2FhLTExZTYtOGY4OC0zNDM2M2JjN2M0YzAiOnsiY3JlYXRlIjo2MDAwMDAwMDAwMDAsImRlbGV0ZSI6NjAwMDAwMDAwMDAwfSwic2NoZW1hX3ZlcnNpb24iOiIxIn0=",
          "dependencies": [
            "aws_vpc.default"
          ]
        }
      ]
    },
    {
      "mode": "managed",
      "type": "aws_security_group",
      "name": "git",
      "provider": "provider.aws",
      "instances": [
        {
          "schema_version": 1,
          "attributes": {
            "arn": "arn:aws:ec2:eu-west-1:606832048485:security-group/sg-09c6b3b535f2b2071",
            "description": "Allowing traffic from public subnet",
            "egress": [
              {
                "cidr_blocks": [
                  "0.0.0.0/0"
                ],
                "description": "",
                "from_port": 0,
                "ipv6_cidr_blocks": [],
                "prefix_list_ids": [],
                "protocol": "-1",
                "security_groups": [],
                "self": false,
                "to_port": 0
              }
            ],
            "id": "sg-09c6b3b535f2b2071",
            "ingress": [
              {
                "cidr_blocks": [
                  "10.0.1.0/24",
                  "10.0.2.0/24",
                  "10.0.3.0/24",
                  "10.0.4.0/24",
                  "0.0.0.0/0"
                ],
                "description": "",
                "from_port": 7990,
                "ipv6_cidr_blocks": [],
                "prefix_list_ids": [],
                "protocol": "tcp",
                "security_groups": [],
                "self": false,
                "to_port": 7990
              },
              {
                "cidr_blocks": [
                  "10.0.1.0/24",
                  "10.0.2.0/24",
                  "10.0.3.0/24",
                  "10.0.4.0/24",
                  "0.0.0.0/0"
                ],
                "description": "",
                "from_port": 80,
                "ipv6_cidr_blocks": [],
                "prefix_list_ids": [],
                "protocol": "tcp",
                "security_groups": [],
                "self": false,
                "to_port": 80
              },
              {
                "cidr_blocks": [
                  "10.0.1.0/24",
                  "10.0.2.0/24"
                ],
                "description": "",
                "from_port": 22,
                "ipv6_cidr_blocks": [],
                "prefix_list_ids": [],
                "protocol": "tcp",
                "security_groups": [],
                "self": false,
                "to_port": 22
              }
            ],
            "name": "git",
            "name_prefix": null,
            "owner_id": "606832048485",
            "revoke_rules_on_delete": false,
            "tags": {
              "Name": "Git SG"
            },
            "timeouts": null,
            "vpc_id": "vpc-025c0d7ca73668b18"
          },
          "private": "eyJlMmJmYjczMC1lY2FhLTExZTYtOGY4OC0zNDM2M2JjN2M0YzAiOnsiY3JlYXRlIjo2MDAwMDAwMDAwMDAsImRlbGV0ZSI6NjAwMDAwMDAwMDAwfSwic2NoZW1hX3ZlcnNpb24iOiIxIn0=",
          "dependencies": [
            "aws_vpc.default"
          ]
        }
      ]
    },
    {
      "mode": "managed",
      "type": "aws_security_group",
      "name": "jenkins",
      "provider": "provider.aws",
      "instances": [
        {
          "schema_version": 1,
          "attributes": {
            "arn": "arn:aws:ec2:eu-west-1:606832048485:security-group/sg-03c14d9bd2f028b20",
            "description": "Allowing traffic from public subnet",
            "egress": [
              {
                "cidr_blocks": [
                  "0.0.0.0/0"
                ],
                "description": "",
                "from_port": 0,
                "ipv6_cidr_blocks": [],
                "prefix_list_ids": [],
                "protocol": "-1",
                "security_groups": [],
                "self": false,
                "to_port": 0
              }
            ],
            "id": "sg-03c14d9bd2f028b20",
            "ingress": [
              {
                "cidr_blocks": [
                  "10.0.1.0/24",
                  "10.0.2.0/24",
                  "10.0.3.0/24",
                  "10.0.4.0/24",
                  "0.0.0.0/0"
                ],
                "description": "",
                "from_port": 8080,
                "ipv6_cidr_blocks": [],
                "prefix_list_ids": [],
                "protocol": "tcp",
                "security_groups": [],
                "self": false,
                "to_port": 8080
              },
              {
                "cidr_blocks": [
                  "10.0.1.0/24",
                  "10.0.2.0/24"
                ],
                "description": "",
                "from_port": 22,
                "ipv6_cidr_blocks": [],
                "prefix_list_ids": [],
                "protocol": "tcp",
                "security_groups": [],
                "self": false,
                "to_port": 22
              }
            ],
            "name": "jenkins",
            "name_prefix": null,
            "owner_id": "606832048485",
            "revoke_rules_on_delete": false,
            "tags": {
              "Name": "Jenkins SG"
            },
            "timeouts": null,
            "vpc_id": "vpc-025c0d7ca73668b18"
          },
          "private": "eyJlMmJmYjczMC1lY2FhLTExZTYtOGY4OC0zNDM2M2JjN2M0YzAiOnsiY3JlYXRlIjo2MDAwMDAwMDAwMDAsImRlbGV0ZSI6NjAwMDAwMDAwMDAwfSwic2NoZW1hX3ZlcnNpb24iOiIxIn0=",
          "dependencies": [
            "aws_vpc.default"
          ]
        }
      ]
    },
    {
      "mode": "managed",
      "type": "aws_security_group",
      "name": "redis",
      "provider": "provider.aws",
      "instances": [
        {
          "schema_version": 1,
          "attributes": {
            "arn": "arn:aws:ec2:eu-west-1:606832048485:security-group/sg-0fdba59f7e3fb15f3",
            "description": "Allowing traffic from private subnet",
            "egress": [
              {
                "cidr_blocks": [
                  "0.0.0.0/0"
                ],
                "description": "",
                "from_port": 0,
                "ipv6_cidr_blocks": [],
                "prefix_list_ids": [],
                "protocol": "-1",
                "security_groups": [],
                "self": false,
                "to_port": 0
              }
            ],
            "id": "sg-0fdba59f7e3fb15f3",
            "ingress": [
              {
                "cidr_blocks": [
                  "10.0.3.0/24",
                  "10.0.4.0/24"
                ],
                "description": "",
                "from_port": 6379,
                "ipv6_cidr_blocks": [],
                "prefix_list_ids": [],
                "protocol": "tcp",
                "security_groups": [],
                "self": false,
                "to_port": 6379
              }
            ],
            "name": "redis",
            "name_prefix": null,
            "owner_id": "606832048485",
            "revoke_rules_on_delete": false,
            "tags": {
              "Name": "Redis SG"
            },
            "timeouts": null,
            "vpc_id": "vpc-025c0d7ca73668b18"
          },
          "private": "eyJlMmJmYjczMC1lY2FhLTExZTYtOGY4OC0zNDM2M2JjN2M0YzAiOnsiY3JlYXRlIjo2MDAwMDAwMDAwMDAsImRlbGV0ZSI6NjAwMDAwMDAwMDAwfSwic2NoZW1hX3ZlcnNpb24iOiIxIn0=",
          "dependencies": [
            "aws_vpc.default"
          ]
        }
      ]
    },
    {
      "mode": "managed",
      "type": "aws_subnet",
      "name": "private_db_subnet1",
      "provider": "provider.aws",
      "instances": [
        {
          "schema_version": 1,
          "attributes": {
            "arn": "arn:aws:ec2:eu-west-1:606832048485:subnet/subnet-00948340f00dbc8cc",
            "assign_ipv6_address_on_creation": false,
            "availability_zone": "eu-west-1a",
            "availability_zone_id": "euw1-az1",
            "cidr_block": "10.0.5.0/24",
            "id": "subnet-00948340f00dbc8cc",
            "ipv6_cidr_block": "",
            "ipv6_cidr_block_association_id": "",
            "map_public_ip_on_launch": false,
            "owner_id": "606832048485",
            "tags": {
              "Name": "DB_PrivateSubnet1"
            },
            "timeouts": null,
            "vpc_id": "vpc-025c0d7ca73668b18"
          },
          "private": "eyJlMmJmYjczMC1lY2FhLTExZTYtOGY4OC0zNDM2M2JjN2M0YzAiOnsiY3JlYXRlIjo2MDAwMDAwMDAwMDAsImRlbGV0ZSI6MTIwMDAwMDAwMDAwMH0sInNjaGVtYV92ZXJzaW9uIjoiMSJ9",
          "dependencies": [
            "aws_vpc.default"
          ]
        }
      ]
    },
    {
      "mode": "managed",
      "type": "aws_subnet",
      "name": "private_db_subnet2",
      "provider": "provider.aws",
      "instances": [
        {
          "schema_version": 1,
          "attributes": {
            "arn": "arn:aws:ec2:eu-west-1:606832048485:subnet/subnet-04fc096893ce312d9",
            "assign_ipv6_address_on_creation": false,
            "availability_zone": "eu-west-1b",
            "availability_zone_id": "euw1-az2",
            "cidr_block": "10.0.6.0/24",
            "id": "subnet-04fc096893ce312d9",
            "ipv6_cidr_block": "",
            "ipv6_cidr_block_association_id": "",
            "map_public_ip_on_launch": false,
            "owner_id": "606832048485",
            "tags": {
              "Name": "DB_PrivateSubnet2"
            },
            "timeouts": null,
            "vpc_id": "vpc-025c0d7ca73668b18"
          },
          "private": "eyJlMmJmYjczMC1lY2FhLTExZTYtOGY4OC0zNDM2M2JjN2M0YzAiOnsiY3JlYXRlIjo2MDAwMDAwMDAwMDAsImRlbGV0ZSI6MTIwMDAwMDAwMDAwMH0sInNjaGVtYV92ZXJzaW9uIjoiMSJ9",
          "dependencies": [
            "aws_vpc.default"
          ]
        }
      ]
    },
    {
      "mode": "managed",
      "type": "aws_subnet",
      "name": "private_subnet1",
      "provider": "provider.aws",
      "instances": [
        {
          "schema_version": 1,
          "attributes": {
            "arn": "arn:aws:ec2:eu-west-1:606832048485:subnet/subnet-0ca4b6de2b6fed557",
            "assign_ipv6_address_on_creation": false,
            "availability_zone": "eu-west-1a",
            "availability_zone_id": "euw1-az1",
            "cidr_block": "10.0.3.0/24",
            "id": "subnet-0ca4b6de2b6fed557",
            "ipv6_cidr_block": "",
            "ipv6_cidr_block_association_id": "",
            "map_public_ip_on_launch": false,
            "owner_id": "606832048485",
            "tags": {
              "Name": "App_PrivateSubnet1"
            },
            "timeouts": null,
            "vpc_id": "vpc-025c0d7ca73668b18"
          },
          "private": "eyJlMmJmYjczMC1lY2FhLTExZTYtOGY4OC0zNDM2M2JjN2M0YzAiOnsiY3JlYXRlIjo2MDAwMDAwMDAwMDAsImRlbGV0ZSI6MTIwMDAwMDAwMDAwMH0sInNjaGVtYV92ZXJzaW9uIjoiMSJ9",
          "dependencies": [
            "aws_vpc.default"
          ]
        }
      ]
    },
    {
      "mode": "managed",
      "type": "aws_subnet",
      "name": "private_subnet2",
      "provider": "provider.aws",
      "instances": [
        {
          "schema_version": 1,
          "attributes": {
            "arn": "arn:aws:ec2:eu-west-1:606832048485:subnet/subnet-0eab1f46b3eb52518",
            "assign_ipv6_address_on_creation": false,
            "availability_zone": "eu-west-1b",
            "availability_zone_id": "euw1-az2",
            "cidr_block": "10.0.4.0/24",
            "id": "subnet-0eab1f46b3eb52518",
            "ipv6_cidr_block": "",
            "ipv6_cidr_block_association_id": "",
            "map_public_ip_on_launch": false,
            "owner_id": "606832048485",
            "tags": {
              "Name": "App_PrivateSubnet2"
            },
            "timeouts": null,
            "vpc_id": "vpc-025c0d7ca73668b18"
          },
          "private": "eyJlMmJmYjczMC1lY2FhLTExZTYtOGY4OC0zNDM2M2JjN2M0YzAiOnsiY3JlYXRlIjo2MDAwMDAwMDAwMDAsImRlbGV0ZSI6MTIwMDAwMDAwMDAwMH0sInNjaGVtYV92ZXJzaW9uIjoiMSJ9",
          "dependencies": [
            "aws_vpc.default"
          ]
        }
      ]
    },
    {
      "mode": "managed",
      "type": "aws_subnet",
      "name": "public_subnet1",
      "provider": "provider.aws",
      "instances": [
        {
          "schema_version": 1,
          "attributes": {
            "arn": "arn:aws:ec2:eu-west-1:606832048485:subnet/subnet-0ec94157b6c6e1906",
            "assign_ipv6_address_on_creation": false,
            "availability_zone": "eu-west-1a",
            "availability_zone_id": "euw1-az1",
            "cidr_block": "10.0.1.0/24",
            "id": "subnet-0ec94157b6c6e1906",
            "ipv6_cidr_block": "",
            "ipv6_cidr_block_association_id": "",
            "map_public_ip_on_launch": false,
            "owner_id": "606832048485",
            "tags": {
              "Name": "Web_PublicSubnet1"
            },
            "timeouts": null,
            "vpc_id": "vpc-025c0d7ca73668b18"
          },
          "private": "eyJlMmJmYjczMC1lY2FhLTExZTYtOGY4OC0zNDM2M2JjN2M0YzAiOnsiY3JlYXRlIjo2MDAwMDAwMDAwMDAsImRlbGV0ZSI6MTIwMDAwMDAwMDAwMH0sInNjaGVtYV92ZXJzaW9uIjoiMSJ9",
          "dependencies": [
            "aws_vpc.default"
          ]
        }
      ]
    },
    {
      "mode": "managed",
      "type": "aws_subnet",
      "name": "public_subnet2",
      "provider": "provider.aws",
      "instances": [
        {
          "schema_version": 1,
          "attributes": {
            "arn": "arn:aws:ec2:eu-west-1:606832048485:subnet/subnet-0f614af8fc05cb5f1",
            "assign_ipv6_address_on_creation": false,
            "availability_zone": "eu-west-1b",
            "availability_zone_id": "euw1-az2",
            "cidr_block": "10.0.2.0/24",
            "id": "subnet-0f614af8fc05cb5f1",
            "ipv6_cidr_block": "",
            "ipv6_cidr_block_association_id": "",
            "map_public_ip_on_launch": false,
            "owner_id": "606832048485",
            "tags": {
              "Name": "Web_PublicSubnet2"
            },
            "timeouts": null,
            "vpc_id": "vpc-025c0d7ca73668b18"
          },
          "private": "eyJlMmJmYjczMC1lY2FhLTExZTYtOGY4OC0zNDM2M2JjN2M0YzAiOnsiY3JlYXRlIjo2MDAwMDAwMDAwMDAsImRlbGV0ZSI6MTIwMDAwMDAwMDAwMH0sInNjaGVtYV92ZXJzaW9uIjoiMSJ9",
          "dependencies": [
            "aws_vpc.default"
          ]
        }
      ]
    },
    {
      "mode": "managed",
      "type": "aws_vpc",
      "name": "default",
      "provider": "provider.aws",
      "instances": [
        {
          "schema_version": 1,
          "attributes": {
            "arn": "arn:aws:ec2:eu-west-1:606832048485:vpc/vpc-025c0d7ca73668b18",
            "assign_generated_ipv6_cidr_block": false,
            "cidr_block": "10.0.0.0/16",
            "default_network_acl_id": "acl-0713d342b162bbf4e",
            "default_route_table_id": "rtb-0c3ae1ae39551908a",
            "default_security_group_id": "sg-05491252923693596",
            "dhcp_options_id": "dopt-8ee1aae8",
            "enable_classiclink": false,
            "enable_classiclink_dns_support": false,
            "enable_dns_hostnames": true,
            "enable_dns_support": true,
            "id": "vpc-025c0d7ca73668b18",
            "instance_tenancy": "default",
            "ipv6_association_id": "",
            "ipv6_cidr_block": "",
            "main_route_table_id": "rtb-0c3ae1ae39551908a",
            "owner_id": "606832048485",
            "tags": {
              "Name": "Devops_VPC"
            }
          },
          "private": "eyJzY2hlbWFfdmVyc2lvbiI6IjEifQ=="
        }
      ]
    }
  ]
}
